// !$*UTF8*$!
{
	archiveVersion = 1;
	classes = {
	};
	objectVersion = 55;
	objects = {

/* Begin PBXBuildFile section */
		6DAB195D28AD531000536430 /* AppDelegate.swift in Sources */ = {isa = PBXBuildFile; fileRef = 6DAB195C28AD531000536430 /* AppDelegate.swift */; };
		6DAB195F28AD531000536430 /* SceneDelegate.swift in Sources */ = {isa = PBXBuildFile; fileRef = 6DAB195E28AD531000536430 /* SceneDelegate.swift */; };
		6DAB196628AD531100536430 /* AppConfig.xcassets in Resources */ = {isa = PBXBuildFile; fileRef = 6DAB196528AD531100536430 /* AppConfig.xcassets */; };
		6DAB196928AD531100536430 /* LaunchScreen.storyboard in Resources */ = {isa = PBXBuildFile; fileRef = 6DAB196728AD531100536430 /* LaunchScreen.storyboard */; };
		6DAB197A28AD6A9900536430 /* .gitignore in Resources */ = {isa = PBXBuildFile; fileRef = 6DAB197928AD6A9900536430 /* .gitignore */; };
		6DCDA22F28B585C40028B849 /* BaseSplitController.swift in Sources */ = {isa = PBXBuildFile; fileRef = 6DCDA22E28B585C40028B849 /* BaseSplitController.swift */; };
		6DCDA23128B58A720028B849 /* BaseController.swift in Sources */ = {isa = PBXBuildFile; fileRef = 6DCDA23028B58A720028B849 /* BaseController.swift */; };
		6DCDA23628B58BCD0028B849 /* TabbarType.swift in Sources */ = {isa = PBXBuildFile; fileRef = 6DCDA23528B58BCD0028B849 /* TabbarType.swift */; };
		6DCDA23828B58C0C0028B849 /* TabbarView.swift in Sources */ = {isa = PBXBuildFile; fileRef = 6DCDA23728B58C0C0028B849 /* TabbarView.swift */; };
		6DCDA23A28B58FEB0028B849 /* TabbarItem.swift in Sources */ = {isa = PBXBuildFile; fileRef = 6DCDA23928B58FEB0028B849 /* TabbarItem.swift */; };
		6DCDA23C28B591270028B849 /* AppColors.swift in Sources */ = {isa = PBXBuildFile; fileRef = 6DCDA23B28B591270028B849 /* AppColors.swift */; };
		6DCDA23E28B591850028B849 /* AppColors.xcassets in Resources */ = {isa = PBXBuildFile; fileRef = 6DCDA23D28B591850028B849 /* AppColors.xcassets */; };
		6DCDA24328B59D0E0028B849 /* Appfile in Resources */ = {isa = PBXBuildFile; fileRef = 6DCDA24028B59D0E0028B849 /* Appfile */; };
		6DCDA24428B59D0E0028B849 /* Fastfile in Resources */ = {isa = PBXBuildFile; fileRef = 6DCDA24128B59D0E0028B849 /* Fastfile */; };
		6DCDA24528B59D0E0028B849 /* Matchfile in Resources */ = {isa = PBXBuildFile; fileRef = 6DCDA24228B59D0E0028B849 /* Matchfile */; };
		6DCDA24728B634850028B849 /* .env in Resources */ = {isa = PBXBuildFile; fileRef = 6DCDA24628B634850028B849 /* .env */; };
		6DCDA24B28B63AAF0028B849 /* feature_actions in Resources */ = {isa = PBXBuildFile; fileRef = 6DCDA24A28B63AAF0028B849 /* feature_actions */; };
		6DCDA24D28B646670028B849 /* release_actions in Resources */ = {isa = PBXBuildFile; fileRef = 6DCDA24C28B646670028B849 /* release_actions */; };
/* End PBXBuildFile section */

/* Begin PBXFileReference section */
		6DAB195928AD531000536430 /* todo-app.app */ = {isa = PBXFileReference; explicitFileType = wrapper.application; includeInIndex = 0; path = "todo-app.app"; sourceTree = BUILT_PRODUCTS_DIR; };
		6DAB195C28AD531000536430 /* AppDelegate.swift */ = {isa = PBXFileReference; lastKnownFileType = sourcecode.swift; path = AppDelegate.swift; sourceTree = "<group>"; };
		6DAB195E28AD531000536430 /* SceneDelegate.swift */ = {isa = PBXFileReference; lastKnownFileType = sourcecode.swift; path = SceneDelegate.swift; sourceTree = "<group>"; };
		6DAB196528AD531100536430 /* AppConfig.xcassets */ = {isa = PBXFileReference; lastKnownFileType = folder.assetcatalog; path = AppConfig.xcassets; sourceTree = "<group>"; };
		6DAB196A28AD531100536430 /* AppConfig.plist */ = {isa = PBXFileReference; lastKnownFileType = text.plist.xml; path = AppConfig.plist; sourceTree = "<group>"; };
		6DAB197128AD683500536430 /* DEV.xcconfig */ = {isa = PBXFileReference; lastKnownFileType = text.xcconfig; path = DEV.xcconfig; sourceTree = "<group>"; };
		6DAB197328AD689500536430 /* TEST.xcconfig */ = {isa = PBXFileReference; lastKnownFileType = text.xcconfig; path = TEST.xcconfig; sourceTree = "<group>"; };
		6DAB197428AD68B000536430 /* PROD.xcconfig */ = {isa = PBXFileReference; lastKnownFileType = text.xcconfig; path = PROD.xcconfig; sourceTree = "<group>"; };
		6DAB197728AD69FF00536430 /* BASE.xcconfig */ = {isa = PBXFileReference; lastKnownFileType = text.xcconfig; path = BASE.xcconfig; sourceTree = "<group>"; };
		6DAB197828AD6A5400536430 /* en */ = {isa = PBXFileReference; lastKnownFileType = file.storyboard; name = en; path = en.lproj/LaunchScreen.storyboard; sourceTree = "<group>"; };
		6DAB197928AD6A9900536430 /* .gitignore */ = {isa = PBXFileReference; lastKnownFileType = text; path = .gitignore; sourceTree = "<group>"; };
		6DCDA22E28B585C40028B849 /* BaseSplitController.swift */ = {isa = PBXFileReference; lastKnownFileType = sourcecode.swift; path = BaseSplitController.swift; sourceTree = "<group>"; };
		6DCDA23028B58A720028B849 /* BaseController.swift */ = {isa = PBXFileReference; lastKnownFileType = sourcecode.swift; path = BaseController.swift; sourceTree = "<group>"; };
		6DCDA23528B58BCD0028B849 /* TabbarType.swift */ = {isa = PBXFileReference; lastKnownFileType = sourcecode.swift; path = TabbarType.swift; sourceTree = "<group>"; };
		6DCDA23728B58C0C0028B849 /* TabbarView.swift */ = {isa = PBXFileReference; lastKnownFileType = sourcecode.swift; path = TabbarView.swift; sourceTree = "<group>"; };
		6DCDA23928B58FEB0028B849 /* TabbarItem.swift */ = {isa = PBXFileReference; lastKnownFileType = sourcecode.swift; path = TabbarItem.swift; sourceTree = "<group>"; };
		6DCDA23B28B591270028B849 /* AppColors.swift */ = {isa = PBXFileReference; lastKnownFileType = sourcecode.swift; path = AppColors.swift; sourceTree = "<group>"; };
		6DCDA23D28B591850028B849 /* AppColors.xcassets */ = {isa = PBXFileReference; lastKnownFileType = folder.assetcatalog; path = AppColors.xcassets; sourceTree = "<group>"; };
		6DCDA24028B59D0E0028B849 /* Appfile */ = {isa = PBXFileReference; fileEncoding = 4; lastKnownFileType = text; path = Appfile; sourceTree = "<group>"; };
		6DCDA24128B59D0E0028B849 /* Fastfile */ = {isa = PBXFileReference; fileEncoding = 4; lastKnownFileType = text; path = Fastfile; sourceTree = "<group>"; };
		6DCDA24228B59D0E0028B849 /* Matchfile */ = {isa = PBXFileReference; fileEncoding = 4; lastKnownFileType = text; path = Matchfile; sourceTree = "<group>"; };
		6DCDA24628B634850028B849 /* .env */ = {isa = PBXFileReference; fileEncoding = 4; lastKnownFileType = text; path = .env; sourceTree = "<group>"; };
		6DCDA24A28B63AAF0028B849 /* feature_actions */ = {isa = PBXFileReference; lastKnownFileType = text; path = feature_actions; sourceTree = "<group>"; };
		6DCDA24C28B646670028B849 /* release_actions */ = {isa = PBXFileReference; lastKnownFileType = text; path = release_actions; sourceTree = "<group>"; };
/* End PBXFileReference section */

/* Begin PBXFrameworksBuildPhase section */
		6DAB195628AD531000536430 /* Frameworks */ = {
			isa = PBXFrameworksBuildPhase;
			buildActionMask = 2147483647;
			files = (
			);
			runOnlyForDeploymentPostprocessing = 0;
		};
/* End PBXFrameworksBuildPhase section */

/* Begin PBXGroup section */
		6DAB195028AD531000536430 = {
			isa = PBXGroup;
			children = (
				6DCDA24628B634850028B849 /* .env */,
				6DAB197928AD6A9900536430 /* .gitignore */,
				6DCDA24828B637F60028B849 /* .github */,
				6DCDA23F28B59D0E0028B849 /* fastlane */,
				6DAB195B28AD531000536430 /* todo-app */,
				6DAB195A28AD531000536430 /* Products */,
			);
			sourceTree = "<group>";
		};
		6DAB195A28AD531000536430 /* Products */ = {
			isa = PBXGroup;
			children = (
				6DAB195928AD531000536430 /* todo-app.app */,
			);
			name = Products;
			sourceTree = "<group>";
		};
		6DAB195B28AD531000536430 /* todo-app */ = {
			isa = PBXGroup;
			children = (
				6DAB195C28AD531000536430 /* AppDelegate.swift */,
				6DAB195E28AD531000536430 /* SceneDelegate.swift */,
				6DAB197028AD5A5D00536430 /* _AppConfig */,
				6DCDA22D28B585820028B849 /* BaseAppStuff */,
				6DAB196728AD531100536430 /* LaunchScreen.storyboard */,
				6DCDA23428B58BAC0028B849 /* TabbarModule */,
			);
			path = "todo-app";
			sourceTree = "<group>";
		};
		6DAB197028AD5A5D00536430 /* _AppConfig */ = {
			isa = PBXGroup;
			children = (
				6DAB196A28AD531100536430 /* AppConfig.plist */,
				6DAB196528AD531100536430 /* AppConfig.xcassets */,
				6DAB197228AD685D00536430 /* Configurations */,
			);
			path = _AppConfig;
			sourceTree = "<group>";
		};
		6DAB197228AD685D00536430 /* Configurations */ = {
			isa = PBXGroup;
			children = (
				6DAB197728AD69FF00536430 /* BASE.xcconfig */,
				6DAB197128AD683500536430 /* DEV.xcconfig */,
				6DAB197428AD68B000536430 /* PROD.xcconfig */,
				6DAB197328AD689500536430 /* TEST.xcconfig */,
			);
			path = Configurations;
			sourceTree = "<group>";
		};
		6DCDA22D28B585820028B849 /* BaseAppStuff */ = {
			isa = PBXGroup;
			children = (
				6DCDA23B28B591270028B849 /* AppColors.swift */,
				6DCDA23D28B591850028B849 /* AppColors.xcassets */,
				6DCDA23028B58A720028B849 /* BaseController.swift */,
				6DCDA22E28B585C40028B849 /* BaseSplitController.swift */,
			);
			path = BaseAppStuff;
			sourceTree = "<group>";
		};
		6DCDA23428B58BAC0028B849 /* TabbarModule */ = {
			isa = PBXGroup;
			children = (
				6DCDA23928B58FEB0028B849 /* TabbarItem.swift */,
				6DCDA23528B58BCD0028B849 /* TabbarType.swift */,
				6DCDA23728B58C0C0028B849 /* TabbarView.swift */,
			);
			path = TabbarModule;
			sourceTree = "<group>";
		};
		6DCDA23F28B59D0E0028B849 /* fastlane */ = {
			isa = PBXGroup;
			children = (
				6DCDA24028B59D0E0028B849 /* Appfile */,
				6DCDA24128B59D0E0028B849 /* Fastfile */,
				6DCDA24228B59D0E0028B849 /* Matchfile */,
			);
			path = fastlane;
			sourceTree = "<group>";
		};
		6DCDA24828B637F60028B849 /* .github */ = {
			isa = PBXGroup;
			children = (
				6DCDA24928B639EE0028B849 /* workflows */,
			);
			path = .github;
			sourceTree = "<group>";
		};
		6DCDA24928B639EE0028B849 /* workflows */ = {
			isa = PBXGroup;
			children = (
				6DCDA24A28B63AAF0028B849 /* feature_actions */,
				6DCDA24C28B646670028B849 /* release_actions */,
			);
			path = workflows;
			sourceTree = "<group>";
		};
/* End PBXGroup section */

/* Begin PBXNativeTarget section */
		6DAB195828AD531000536430 /* todo-app */ = {
			isa = PBXNativeTarget;
			buildConfigurationList = 6DAB196D28AD531100536430 /* Build configuration list for PBXNativeTarget "todo-app" */;
			buildPhases = (
				6DAB195528AD531000536430 /* Sources */,
				6DAB195628AD531000536430 /* Frameworks */,
				6DAB195728AD531000536430 /* Resources */,
			);
			buildRules = (
			);
			dependencies = (
			);
			name = "todo-app";
			productName = "todo-app";
			productReference = 6DAB195928AD531000536430 /* todo-app.app */;
			productType = "com.apple.product-type.application";
		};
/* End PBXNativeTarget section */

/* Begin PBXProject section */
		6DAB195128AD531000536430 /* Project object */ = {
			isa = PBXProject;
			attributes = {
				BuildIndependentTargetsInParallel = 1;
				LastSwiftUpdateCheck = 1340;
				LastUpgradeCheck = 1340;
				TargetAttributes = {
					6DAB195828AD531000536430 = {
						CreatedOnToolsVersion = 13.4.1;
					};
				};
			};
			buildConfigurationList = 6DAB195428AD531000536430 /* Build configuration list for PBXProject "todo-app" */;
			compatibilityVersion = "Xcode 13.0";
			developmentRegion = en;
			hasScannedForEncodings = 0;
			knownRegions = (
				en,
			);
			mainGroup = 6DAB195028AD531000536430;
			productRefGroup = 6DAB195A28AD531000536430 /* Products */;
			projectDirPath = "";
			projectRoot = "";
			targets = (
				6DAB195828AD531000536430 /* todo-app */,
			);
		};
/* End PBXProject section */

/* Begin PBXResourcesBuildPhase section */
		6DAB195728AD531000536430 /* Resources */ = {
			isa = PBXResourcesBuildPhase;
			buildActionMask = 2147483647;
			files = (
				6DCDA24428B59D0E0028B849 /* Fastfile in Resources */,
				6DAB196928AD531100536430 /* LaunchScreen.storyboard in Resources */,
				6DCDA24328B59D0E0028B849 /* Appfile in Resources */,
				6DCDA24D28B646670028B849 /* release_actions in Resources */,
				6DCDA24728B634850028B849 /* .env in Resources */,
				6DCDA23E28B591850028B849 /* AppColors.xcassets in Resources */,
				6DAB197A28AD6A9900536430 /* .gitignore in Resources */,
				6DCDA24528B59D0E0028B849 /* Matchfile in Resources */,
				6DCDA24B28B63AAF0028B849 /* feature_actions in Resources */,
				6DAB196628AD531100536430 /* AppConfig.xcassets in Resources */,
			);
			runOnlyForDeploymentPostprocessing = 0;
		};
/* End PBXResourcesBuildPhase section */

/* Begin PBXSourcesBuildPhase section */
		6DAB195528AD531000536430 /* Sources */ = {
			isa = PBXSourcesBuildPhase;
			buildActionMask = 2147483647;
			files = (
				6DAB195D28AD531000536430 /* AppDelegate.swift in Sources */,
				6DCDA23128B58A720028B849 /* BaseController.swift in Sources */,
				6DCDA23C28B591270028B849 /* AppColors.swift in Sources */,
				6DCDA23A28B58FEB0028B849 /* TabbarItem.swift in Sources */,
				6DAB195F28AD531000536430 /* SceneDelegate.swift in Sources */,
				6DCDA22F28B585C40028B849 /* BaseSplitController.swift in Sources */,
				6DCDA23828B58C0C0028B849 /* TabbarView.swift in Sources */,
				6DCDA23628B58BCD0028B849 /* TabbarType.swift in Sources */,
			);
			runOnlyForDeploymentPostprocessing = 0;
		};
/* End PBXSourcesBuildPhase section */

/* Begin PBXVariantGroup section */
		6DAB196728AD531100536430 /* LaunchScreen.storyboard */ = {
			isa = PBXVariantGroup;
			children = (
				6DAB197828AD6A5400536430 /* en */,
			);
			name = LaunchScreen.storyboard;
			sourceTree = "<group>";
		};
/* End PBXVariantGroup section */

/* Begin XCBuildConfiguration section */
		6DAB196B28AD531100536430 /* dev */ = {
			isa = XCBuildConfiguration;
			baseConfigurationReference = 6DAB197728AD69FF00536430 /* BASE.xcconfig */;
			buildSettings = {
				ALWAYS_SEARCH_USER_PATHS = NO;
				CLANG_ANALYZER_NONNULL = YES;
				CLANG_ANALYZER_NUMBER_OBJECT_CONVERSION = YES_AGGRESSIVE;
				CLANG_CXX_LANGUAGE_STANDARD = "gnu++17";
				CLANG_ENABLE_MODULES = YES;
				CLANG_ENABLE_OBJC_ARC = YES;
				CLANG_ENABLE_OBJC_WEAK = YES;
				CLANG_WARN_BLOCK_CAPTURE_AUTORELEASING = YES;
				CLANG_WARN_BOOL_CONVERSION = YES;
				CLANG_WARN_COMMA = YES;
				CLANG_WARN_CONSTANT_CONVERSION = YES;
				CLANG_WARN_DEPRECATED_OBJC_IMPLEMENTATIONS = YES;
				CLANG_WARN_DIRECT_OBJC_ISA_USAGE = YES_ERROR;
				CLANG_WARN_DOCUMENTATION_COMMENTS = YES;
				CLANG_WARN_EMPTY_BODY = YES;
				CLANG_WARN_ENUM_CONVERSION = YES;
				CLANG_WARN_INFINITE_RECURSION = YES;
				CLANG_WARN_INT_CONVERSION = YES;
				CLANG_WARN_NON_LITERAL_NULL_CONVERSION = YES;
				CLANG_WARN_OBJC_IMPLICIT_RETAIN_SELF = YES;
				CLANG_WARN_OBJC_LITERAL_CONVERSION = YES;
				CLANG_WARN_OBJC_ROOT_CLASS = YES_ERROR;
				CLANG_WARN_QUOTED_INCLUDE_IN_FRAMEWORK_HEADER = YES;
				CLANG_WARN_RANGE_LOOP_ANALYSIS = YES;
				CLANG_WARN_STRICT_PROTOTYPES = YES;
				CLANG_WARN_SUSPICIOUS_MOVE = YES;
				CLANG_WARN_UNGUARDED_AVAILABILITY = YES_AGGRESSIVE;
				CLANG_WARN_UNREACHABLE_CODE = YES;
				CLANG_WARN__DUPLICATE_METHOD_MATCH = YES;
				COPY_PHASE_STRIP = NO;
				DEBUG_INFORMATION_FORMAT = dwarf;
				ENABLE_STRICT_OBJC_MSGSEND = YES;
				ENABLE_TESTABILITY = YES;
				GCC_C_LANGUAGE_STANDARD = gnu11;
				GCC_DYNAMIC_NO_PIC = NO;
				GCC_NO_COMMON_BLOCKS = YES;
				GCC_OPTIMIZATION_LEVEL = 0;
				GCC_PREPROCESSOR_DEFINITIONS = (
					"DEBUG=1",
					"$(inherited)",
				);
				GCC_WARN_64_TO_32_BIT_CONVERSION = YES;
				GCC_WARN_ABOUT_RETURN_TYPE = YES_ERROR;
				GCC_WARN_UNDECLARED_SELECTOR = YES;
				GCC_WARN_UNINITIALIZED_AUTOS = YES_AGGRESSIVE;
				GCC_WARN_UNUSED_FUNCTION = YES;
				GCC_WARN_UNUSED_VARIABLE = YES;
				IPHONEOS_DEPLOYMENT_TARGET = 15.5;
				MTL_ENABLE_DEBUG_INFO = INCLUDE_SOURCE;
				MTL_FAST_MATH = YES;
				ONLY_ACTIVE_ARCH = YES;
				SDKROOT = iphoneos;
				SWIFT_ACTIVE_COMPILATION_CONDITIONS = DEBUG;
				SWIFT_OPTIMIZATION_LEVEL = "-Onone";
			};
			name = dev;
		};
		6DAB196C28AD531100536430 /* test */ = {
			isa = XCBuildConfiguration;
			baseConfigurationReference = 6DAB197728AD69FF00536430 /* BASE.xcconfig */;
			buildSettings = {
				ALWAYS_SEARCH_USER_PATHS = NO;
				CLANG_ANALYZER_NONNULL = YES;
				CLANG_ANALYZER_NUMBER_OBJECT_CONVERSION = YES_AGGRESSIVE;
				CLANG_CXX_LANGUAGE_STANDARD = "gnu++17";
				CLANG_ENABLE_MODULES = YES;
				CLANG_ENABLE_OBJC_ARC = YES;
				CLANG_ENABLE_OBJC_WEAK = YES;
				CLANG_WARN_BLOCK_CAPTURE_AUTORELEASING = YES;
				CLANG_WARN_BOOL_CONVERSION = YES;
				CLANG_WARN_COMMA = YES;
				CLANG_WARN_CONSTANT_CONVERSION = YES;
				CLANG_WARN_DEPRECATED_OBJC_IMPLEMENTATIONS = YES;
				CLANG_WARN_DIRECT_OBJC_ISA_USAGE = YES_ERROR;
				CLANG_WARN_DOCUMENTATION_COMMENTS = YES;
				CLANG_WARN_EMPTY_BODY = YES;
				CLANG_WARN_ENUM_CONVERSION = YES;
				CLANG_WARN_INFINITE_RECURSION = YES;
				CLANG_WARN_INT_CONVERSION = YES;
				CLANG_WARN_NON_LITERAL_NULL_CONVERSION = YES;
				CLANG_WARN_OBJC_IMPLICIT_RETAIN_SELF = YES;
				CLANG_WARN_OBJC_LITERAL_CONVERSION = YES;
				CLANG_WARN_OBJC_ROOT_CLASS = YES_ERROR;
				CLANG_WARN_QUOTED_INCLUDE_IN_FRAMEWORK_HEADER = YES;
				CLANG_WARN_RANGE_LOOP_ANALYSIS = YES;
				CLANG_WARN_STRICT_PROTOTYPES = YES;
				CLANG_WARN_SUSPICIOUS_MOVE = YES;
				CLANG_WARN_UNGUARDED_AVAILABILITY = YES_AGGRESSIVE;
				CLANG_WARN_UNREACHABLE_CODE = YES;
				CLANG_WARN__DUPLICATE_METHOD_MATCH = YES;
				COPY_PHASE_STRIP = NO;
				DEBUG_INFORMATION_FORMAT = "dwarf-with-dsym";
				ENABLE_NS_ASSERTIONS = NO;
				ENABLE_STRICT_OBJC_MSGSEND = YES;
				GCC_C_LANGUAGE_STANDARD = gnu11;
				GCC_NO_COMMON_BLOCKS = YES;
				GCC_WARN_64_TO_32_BIT_CONVERSION = YES;
				GCC_WARN_ABOUT_RETURN_TYPE = YES_ERROR;
				GCC_WARN_UNDECLARED_SELECTOR = YES;
				GCC_WARN_UNINITIALIZED_AUTOS = YES_AGGRESSIVE;
				GCC_WARN_UNUSED_FUNCTION = YES;
				GCC_WARN_UNUSED_VARIABLE = YES;
				IPHONEOS_DEPLOYMENT_TARGET = 15.5;
				MTL_ENABLE_DEBUG_INFO = NO;
				MTL_FAST_MATH = YES;
				SDKROOT = iphoneos;
				SWIFT_COMPILATION_MODE = wholemodule;
				SWIFT_OPTIMIZATION_LEVEL = "-O";
				VALIDATE_PRODUCT = YES;
			};
			name = test;
		};
		6DAB196E28AD531100536430 /* dev */ = {
			isa = XCBuildConfiguration;
			baseConfigurationReference = 6DAB197128AD683500536430 /* DEV.xcconfig */;
			buildSettings = {
				ASSETCATALOG_COMPILER_APPICON_NAME = "$(APP_ICON)";
				ASSETCATALOG_COMPILER_GLOBAL_ACCENT_COLOR_NAME = appColor;
				CODE_SIGN_STYLE = Automatic;
				CURRENT_PROJECT_VERSION = 1;
				DEVELOPMENT_TEAM = JJC3HHT8LN;
				GENERATE_INFOPLIST_FILE = YES;
				INFOPLIST_FILE = "todo-app/_AppConfig/AppConfig.plist";
				INFOPLIST_KEY_CFBundleDisplayName = ToDo;
				INFOPLIST_KEY_LSApplicationCategoryType = "public.app-category.productivity";
				INFOPLIST_KEY_UIApplicationSupportsIndirectInputEvents = YES;
				INFOPLIST_KEY_UILaunchStoryboardName = LaunchScreen;
				INFOPLIST_KEY_UIMainStoryboardFile = "";
				INFOPLIST_KEY_UISupportedInterfaceOrientations = UIInterfaceOrientationPortrait;
				INFOPLIST_KEY_UISupportedInterfaceOrientations_iPad = "UIInterfaceOrientationLandscapeLeft UIInterfaceOrientationLandscapeRight UIInterfaceOrientationPortrait UIInterfaceOrientationPortraitUpsideDown";
				IPHONEOS_DEPLOYMENT_TARGET = 15.0;
				LD_RUNPATH_SEARCH_PATHS = (
					"$(inherited)",
					"@executable_path/Frameworks",
				);
				MARKETING_VERSION = 1.0.0;
				PRODUCT_BUNDLE_IDENTIFIER = "ru.polykuzin.todo-app";
				PRODUCT_NAME = "$(TARGET_NAME)";
				SUPPORTED_PLATFORMS = "iphoneos iphonesimulator";
				SUPPORTS_MACCATALYST = NO;
				SUPPORTS_MAC_DESIGNED_FOR_IPHONE_IPAD = NO;
				SWIFT_EMIT_LOC_STRINGS = YES;
				SWIFT_VERSION = 5.0;
				TARGETED_DEVICE_FAMILY = "1,2";
			};
			name = dev;
		};
		6DAB196F28AD531100536430 /* test */ = {
			isa = XCBuildConfiguration;
			baseConfigurationReference = 6DAB197328AD689500536430 /* TEST.xcconfig */;
			buildSettings = {
				ASSETCATALOG_COMPILER_APPICON_NAME = "$(APP_ICON)";
				ASSETCATALOG_COMPILER_GLOBAL_ACCENT_COLOR_NAME = appColor;
				CODE_SIGN_STYLE = Automatic;
				CURRENT_PROJECT_VERSION = 1;
				DEVELOPMENT_TEAM = JJC3HHT8LN;
				GENERATE_INFOPLIST_FILE = YES;
				INFOPLIST_FILE = "todo-app/_AppConfig/AppConfig.plist";
				INFOPLIST_KEY_CFBundleDisplayName = ToDo;
				INFOPLIST_KEY_LSApplicationCategoryType = "public.app-category.productivity";
				INFOPLIST_KEY_UIApplicationSupportsIndirectInputEvents = YES;
				INFOPLIST_KEY_UILaunchStoryboardName = LaunchScreen;
				INFOPLIST_KEY_UIMainStoryboardFile = "";
				INFOPLIST_KEY_UISupportedInterfaceOrientations = UIInterfaceOrientationPortrait;
				INFOPLIST_KEY_UISupportedInterfaceOrientations_iPad = "UIInterfaceOrientationLandscapeLeft UIInterfaceOrientationLandscapeRight UIInterfaceOrientationPortrait UIInterfaceOrientationPortraitUpsideDown";
				IPHONEOS_DEPLOYMENT_TARGET = 15.0;
				LD_RUNPATH_SEARCH_PATHS = (
					"$(inherited)",
					"@executable_path/Frameworks",
				);
				MARKETING_VERSION = 1.0.0;
				PRODUCT_BUNDLE_IDENTIFIER = "ru.polykuzin.todo-app";
				PRODUCT_NAME = "$(TARGET_NAME)";
				SUPPORTED_PLATFORMS = "iphoneos iphonesimulator";
				SUPPORTS_MACCATALYST = NO;
				SUPPORTS_MAC_DESIGNED_FOR_IPHONE_IPAD = NO;
				SWIFT_EMIT_LOC_STRINGS = YES;
				SWIFT_VERSION = 5.0;
				TARGETED_DEVICE_FAMILY = "1,2";
			};
			name = test;
		};
		6DAB197528AD699E00536430 /* prod */ = {
			isa = XCBuildConfiguration;
			baseConfigurationReference = 6DAB197728AD69FF00536430 /* BASE.xcconfig */;
			buildSettings = {
				ALWAYS_SEARCH_USER_PATHS = NO;
				CLANG_ANALYZER_NONNULL = YES;
				CLANG_ANALYZER_NUMBER_OBJECT_CONVERSION = YES_AGGRESSIVE;
				CLANG_CXX_LANGUAGE_STANDARD = "gnu++17";
				CLANG_ENABLE_MODULES = YES;
				CLANG_ENABLE_OBJC_ARC = YES;
				CLANG_ENABLE_OBJC_WEAK = YES;
				CLANG_WARN_BLOCK_CAPTURE_AUTORELEASING = YES;
				CLANG_WARN_BOOL_CONVERSION = YES;
				CLANG_WARN_COMMA = YES;
				CLANG_WARN_CONSTANT_CONVERSION = YES;
				CLANG_WARN_DEPRECATED_OBJC_IMPLEMENTATIONS = YES;
				CLANG_WARN_DIRECT_OBJC_ISA_USAGE = YES_ERROR;
				CLANG_WARN_DOCUMENTATION_COMMENTS = YES;
				CLANG_WARN_EMPTY_BODY = YES;
				CLANG_WARN_ENUM_CONVERSION = YES;
				CLANG_WARN_INFINITE_RECURSION = YES;
				CLANG_WARN_INT_CONVERSION = YES;
				CLANG_WARN_NON_LITERAL_NULL_CONVERSION = YES;
				CLANG_WARN_OBJC_IMPLICIT_RETAIN_SELF = YES;
				CLANG_WARN_OBJC_LITERAL_CONVERSION = YES;
				CLANG_WARN_OBJC_ROOT_CLASS = YES_ERROR;
				CLANG_WARN_QUOTED_INCLUDE_IN_FRAMEWORK_HEADER = YES;
				CLANG_WARN_RANGE_LOOP_ANALYSIS = YES;
				CLANG_WARN_STRICT_PROTOTYPES = YES;
				CLANG_WARN_SUSPICIOUS_MOVE = YES;
				CLANG_WARN_UNGUARDED_AVAILABILITY = YES_AGGRESSIVE;
				CLANG_WARN_UNREACHABLE_CODE = YES;
				CLANG_WARN__DUPLICATE_METHOD_MATCH = YES;
				COPY_PHASE_STRIP = NO;
				DEBUG_INFORMATION_FORMAT = "dwarf-with-dsym";
				ENABLE_NS_ASSERTIONS = NO;
				ENABLE_STRICT_OBJC_MSGSEND = YES;
				GCC_C_LANGUAGE_STANDARD = gnu11;
				GCC_NO_COMMON_BLOCKS = YES;
				GCC_WARN_64_TO_32_BIT_CONVERSION = YES;
				GCC_WARN_ABOUT_RETURN_TYPE = YES_ERROR;
				GCC_WARN_UNDECLARED_SELECTOR = YES;
				GCC_WARN_UNINITIALIZED_AUTOS = YES_AGGRESSIVE;
				GCC_WARN_UNUSED_FUNCTION = YES;
				GCC_WARN_UNUSED_VARIABLE = YES;
				IPHONEOS_DEPLOYMENT_TARGET = 15.5;
				MTL_ENABLE_DEBUG_INFO = NO;
				MTL_FAST_MATH = YES;
				SDKROOT = iphoneos;
				SWIFT_COMPILATION_MODE = wholemodule;
				SWIFT_OPTIMIZATION_LEVEL = "-O";
				VALIDATE_PRODUCT = YES;
			};
			name = prod;
		};
		6DAB197628AD699E00536430 /* prod */ = {
			isa = XCBuildConfiguration;
			baseConfigurationReference = 6DAB197428AD68B000536430 /* PROD.xcconfig */;
			buildSettings = {
				ASSETCATALOG_COMPILER_APPICON_NAME = "$(APP_ICON)";
				ASSETCATALOG_COMPILER_GLOBAL_ACCENT_COLOR_NAME = appColor;
				"CODE_SIGN_IDENTITY[sdk=iphoneos*]" = "iPhone Distribution";
				CODE_SIGN_STYLE = Manual;
				CURRENT_PROJECT_VERSION = 1;
				DEVELOPMENT_TEAM = "";
				"DEVELOPMENT_TEAM[sdk=iphoneos*]" = JJC3HHT8LN;
				GENERATE_INFOPLIST_FILE = YES;
				INFOPLIST_FILE = "todo-app/_AppConfig/AppConfig.plist";
				INFOPLIST_KEY_CFBundleDisplayName = ToDo;
				INFOPLIST_KEY_LSApplicationCategoryType = "public.app-category.productivity";
				INFOPLIST_KEY_UIApplicationSupportsIndirectInputEvents = YES;
				INFOPLIST_KEY_UILaunchStoryboardName = LaunchScreen;
				INFOPLIST_KEY_UIMainStoryboardFile = "";
				INFOPLIST_KEY_UISupportedInterfaceOrientations = UIInterfaceOrientationPortrait;
				INFOPLIST_KEY_UISupportedInterfaceOrientations_iPad = "UIInterfaceOrientationLandscapeLeft UIInterfaceOrientationLandscapeRight UIInterfaceOrientationPortrait UIInterfaceOrientationPortraitUpsideDown";
				IPHONEOS_DEPLOYMENT_TARGET = 15.0;
				LD_RUNPATH_SEARCH_PATHS = (
					"$(inherited)",
					"@executable_path/Frameworks",
				);
				MARKETING_VERSION = 1.0.0;
				PRODUCT_BUNDLE_IDENTIFIER = "ru.polykuzin.todo-app";
				PRODUCT_NAME = "$(TARGET_NAME)";
				PROVISIONING_PROFILE_SPECIFIER = "";
				"PROVISIONING_PROFILE_SPECIFIER[sdk=iphoneos*]" = "match AppStore ru.polykuzin.todo-app";
				SUPPORTED_PLATFORMS = "iphoneos iphonesimulator";
				SUPPORTS_MACCATALYST = NO;
				SUPPORTS_MAC_DESIGNED_FOR_IPHONE_IPAD = NO;
				SWIFT_EMIT_LOC_STRINGS = YES;
				SWIFT_VERSION = 5.0;
				TARGETED_DEVICE_FAMILY = "1,2";
			};
			name = prod;
		};
/* End XCBuildConfiguration section */

/* Begin XCConfigurationList section */
		6DAB195428AD531000536430 /* Build configuration list for PBXProject "todo-app" */ = {
			isa = XCConfigurationList;
			buildConfigurations = (
				6DAB196B28AD531100536430 /* dev */,
				6DAB196C28AD531100536430 /* test */,
				6DAB197528AD699E00536430 /* prod */,
			);
			defaultConfigurationIsVisible = 0;
			defaultConfigurationName = prod;
		};
		6DAB196D28AD531100536430 /* Build configuration list for PBXNativeTarget "todo-app" */ = {
			isa = XCConfigurationList;
			buildConfigurations = (
				6DAB196E28AD531100536430 /* dev */,
				6DAB196F28AD531100536430 /* test */,
				6DAB197628AD699E00536430 /* prod */,
			);
			defaultConfigurationIsVisible = 0;
			defaultConfigurationName = prod;
		};
/* End XCConfigurationList section */
	};
	rootObject = 6DAB195128AD531000536430 /* Project object */;
}
