// !$*UTF8*$!
{
	archiveVersion = 1;
	classes = {
	};
	objectVersion = 55;
	objects = {

/* Begin PBXBuildFile section */
		6D07D72728B94A2400CA840F /* .swiftlint.yml in Resources */ = {isa = PBXBuildFile; fileRef = 6D07D72628B94A2400CA840F /* .swiftlint.yml */; };
		6D07D72A28B94CE500CA840F /* release-actions.yml in Resources */ = {isa = PBXBuildFile; fileRef = 6D07D72928B94CE500CA840F /* release-actions.yml */; };
		6D1B304B28E8F9F60017A920 /* _ProfileEvents.swift in Sources */ = {isa = PBXBuildFile; fileRef = 6D1B304A28E8F9F60017A920 /* _ProfileEvents.swift */; };
		6D1B304E28E902C30017A920 /* TasksAnalytics.swift in Sources */ = {isa = PBXBuildFile; fileRef = 6D1B304D28E902C30017A920 /* TasksAnalytics.swift */; };
		6D1C632428BD1E2E0070F482 /* Ext+UIApplication.swift in Sources */ = {isa = PBXBuildFile; fileRef = 6D1C632328BD1E2E0070F482 /* Ext+UIApplication.swift */; };
		6D1C635B28BD43F10070F482 /* Deliverfile in Resources */ = {isa = PBXBuildFile; fileRef = 6D1C635A28BD43F10070F482 /* Deliverfile */; };
		6D39BF4C28DCFEFF00A6926B /* ApplicationEvents.swift in Sources */ = {isa = PBXBuildFile; fileRef = 6D39BF4B28DCFEFF00A6926B /* ApplicationEvents.swift */; };
		6D39BF4E28DCFF4D00A6926B /* ApplicationErrors.swift in Sources */ = {isa = PBXBuildFile; fileRef = 6D39BF4D28DCFF4D00A6926B /* ApplicationErrors.swift */; };
		6D50787728E4C53F00C93201 /* TabbarView.swift in Sources */ = {isa = PBXBuildFile; fileRef = 6D50787628E4C53F00C93201 /* TabbarView.swift */; };
		6D50787A28E4C84E00C93201 /* YandexMobileMetrica in Frameworks */ = {isa = PBXBuildFile; productRef = 6D50787928E4C84E00C93201 /* YandexMobileMetrica */; };
		6D50787C28E4C84E00C93201 /* YandexMobileMetricaCrashes in Frameworks */ = {isa = PBXBuildFile; productRef = 6D50787B28E4C84E00C93201 /* YandexMobileMetricaCrashes */; };
		6D7CCB3228E84D5F00AA5328 /* AppImages.xcassets in Resources */ = {isa = PBXBuildFile; fileRef = 6D7CCB3128E84D5F00AA5328 /* AppImages.xcassets */; };
		6D86FE4328BFAD32004B3242 /* Ext+Collection.swift in Sources */ = {isa = PBXBuildFile; fileRef = 6D86FE4228BFAD32004B3242 /* Ext+Collection.swift */; };
		6D8A71B228C4028B00682F04 /* AppImages.swift in Sources */ = {isa = PBXBuildFile; fileRef = 6D8A71B128C4028B00682F04 /* AppImages.swift */; };
		6DA02E8A28ECDB1F00EF7EC7 /* @UserDefaults.swift in Sources */ = {isa = PBXBuildFile; fileRef = 6DA02E8928ECDB1F00EF7EC7 /* @UserDefaults.swift */; };
		6DA29C0E28D0B65C00B0DFE7 /* Ext+ECommerceAmount.swift in Sources */ = {isa = PBXBuildFile; fileRef = 6DA29C0D28D0B65C00B0DFE7 /* Ext+ECommerceAmount.swift */; };
		6DA29C1128D0CABF00B0DFE7 /* Ext+ECommerceOrder.swift in Sources */ = {isa = PBXBuildFile; fileRef = 6DA29C1028D0CABF00B0DFE7 /* Ext+ECommerceOrder.swift */; };
		6DA29C1328D0CBA800B0DFE7 /* Ext+ECommerceCartItem.swift in Sources */ = {isa = PBXBuildFile; fileRef = 6DA29C1228D0CBA800B0DFE7 /* Ext+ECommerceCartItem.swift */; };
		6DA29C1528D0CBF500B0DFE7 /* Ext+ECommerceReferrer.swift in Sources */ = {isa = PBXBuildFile; fileRef = 6DA29C1428D0CBF500B0DFE7 /* Ext+ECommerceReferrer.swift */; };
		6DA29C1728D0CC2300B0DFE7 /* Ext+ECommerceScreen.swift in Sources */ = {isa = PBXBuildFile; fileRef = 6DA29C1628D0CC2300B0DFE7 /* Ext+ECommerceScreen.swift */; };
		6DA29C1928D0CC4F00B0DFE7 /* Ext+ECommerceProduct.swift in Sources */ = {isa = PBXBuildFile; fileRef = 6DA29C1828D0CC4F00B0DFE7 /* Ext+ECommerceProduct.swift */; };
		6DA29C1B28D0CCC200B0DFE7 /* Ext+ECommercePrice.swift in Sources */ = {isa = PBXBuildFile; fileRef = 6DA29C1A28D0CCC200B0DFE7 /* Ext+ECommercePrice.swift */; };
		6DA610D928CB9F0700830E12 /* YandexAnalyticsEngine.swift in Sources */ = {isa = PBXBuildFile; fileRef = 6DA610D828CB9F0700830E12 /* YandexAnalyticsEngine.swift */; };
		6DAB195D28AD531000536430 /* AppDelegate.swift in Sources */ = {isa = PBXBuildFile; fileRef = 6DAB195C28AD531000536430 /* AppDelegate.swift */; };
		6DAB195F28AD531000536430 /* SceneDelegate.swift in Sources */ = {isa = PBXBuildFile; fileRef = 6DAB195E28AD531000536430 /* SceneDelegate.swift */; };
		6DAB196628AD531100536430 /* AppConfig.xcassets in Resources */ = {isa = PBXBuildFile; fileRef = 6DAB196528AD531100536430 /* AppConfig.xcassets */; };
		6DAB196928AD531100536430 /* LaunchScreen.storyboard in Resources */ = {isa = PBXBuildFile; fileRef = 6DAB196728AD531100536430 /* LaunchScreen.storyboard */; };
		6DAB197A28AD6A9900536430 /* .gitignore in Resources */ = {isa = PBXBuildFile; fileRef = 6DAB197928AD6A9900536430 /* .gitignore */; };
		6DCDA23C28B591270028B849 /* AppColors.swift in Sources */ = {isa = PBXBuildFile; fileRef = 6DCDA23B28B591270028B849 /* AppColors.swift */; };
		6DCDA23E28B591850028B849 /* AppColors.xcassets in Resources */ = {isa = PBXBuildFile; fileRef = 6DCDA23D28B591850028B849 /* AppColors.xcassets */; };
		6DCDA24328B59D0E0028B849 /* Appfile in Resources */ = {isa = PBXBuildFile; fileRef = 6DCDA24028B59D0E0028B849 /* Appfile */; };
		6DCDA24428B59D0E0028B849 /* Fastfile in Resources */ = {isa = PBXBuildFile; fileRef = 6DCDA24128B59D0E0028B849 /* Fastfile */; };
		6DCDA24528B59D0E0028B849 /* Matchfile in Resources */ = {isa = PBXBuildFile; fileRef = 6DCDA24228B59D0E0028B849 /* Matchfile */; };
		6DCDA24B28B63AAF0028B849 /* feature-actions.yml in Resources */ = {isa = PBXBuildFile; fileRef = 6DCDA24A28B63AAF0028B849 /* feature-actions.yml */; };
		6DCDA24D28B646670028B849 /* develop-actions.yml in Resources */ = {isa = PBXBuildFile; fileRef = 6DCDA24C28B646670028B849 /* develop-actions.yml */; };
		6DCDA24F28B64CDC0028B849 /* KeyChain in Resources */ = {isa = PBXBuildFile; fileRef = 6DCDA24E28B64CDC0028B849 /* KeyChain */; };
		6DE17C1128E4B58A00F1D938 /* CoreAnalytics in Frameworks */ = {isa = PBXBuildFile; productRef = 6DE17C1028E4B58A00F1D938 /* CoreAnalytics */; };
		6DF382DB28E7745F00225A05 /* CoreDataTaskRepository.swift in Sources */ = {isa = PBXBuildFile; fileRef = 6DF382DA28E7745F00225A05 /* CoreDataTaskRepository.swift */; };
		6DF382DE28E7749200225A05 /* CoreDataSaveModelPublisher.swift in Sources */ = {isa = PBXBuildFile; fileRef = 6DF382DD28E7749200225A05 /* CoreDataSaveModelPublisher.swift */; };
		6DF382E028E774A500225A05 /* CoreDataFetchResultsPublisher.swift in Sources */ = {isa = PBXBuildFile; fileRef = 6DF382DF28E774A500225A05 /* CoreDataFetchResultsPublisher.swift */; };
		6DF382E228E774BA00225A05 /* CoreDataDeleteModelPublisher.swift in Sources */ = {isa = PBXBuildFile; fileRef = 6DF382E128E774BA00225A05 /* CoreDataDeleteModelPublisher.swift */; };
		6DF382E428E774F100225A05 /* _TaskRepository.swift in Sources */ = {isa = PBXBuildFile; fileRef = 6DF382E328E774F100225A05 /* _TaskRepository.swift */; };
		6DF382E928E7758200225A05 /* CoreDataPersistence.swift in Sources */ = {isa = PBXBuildFile; fileRef = 6DF382E828E7758200225A05 /* CoreDataPersistence.swift */; };
		6DF382EE28E775B700225A05 /* TodoApp.xcdatamodeld in Sources */ = {isa = PBXBuildFile; fileRef = 6DF382EC28E775B700225A05 /* TodoApp.xcdatamodeld */; };
		6DF382F028E7760B00225A05 /* TasksViewModel.swift in Sources */ = {isa = PBXBuildFile; fileRef = 6DF382EF28E7760B00225A05 /* TasksViewModel.swift */; };
		6DF382F228E7762200225A05 /* TaskRowViewModel.swift in Sources */ = {isa = PBXBuildFile; fileRef = 6DF382F128E7762200225A05 /* TaskRowViewModel.swift */; };
		6DF382F428E7767A00225A05 /* TasksView.swift in Sources */ = {isa = PBXBuildFile; fileRef = 6DF382F328E7767A00225A05 /* TasksView.swift */; };
		6DF382F628E7769200225A05 /* TaskRow.swift in Sources */ = {isa = PBXBuildFile; fileRef = 6DF382F528E7769200225A05 /* TaskRow.swift */; };
		6DF382F828E776BC00225A05 /* Task.swift in Sources */ = {isa = PBXBuildFile; fileRef = 6DF382F728E776BC00225A05 /* Task.swift */; };
/* End PBXBuildFile section */

/* Begin PBXCopyFilesBuildPhase section */
		6D39BF5328DDE11C00A6926B /* Embed Frameworks */ = {
			isa = PBXCopyFilesBuildPhase;
			buildActionMask = 2147483647;
			dstPath = "";
			dstSubfolderSpec = 10;
			files = (
			);
			name = "Embed Frameworks";
			runOnlyForDeploymentPostprocessing = 0;
		};
/* End PBXCopyFilesBuildPhase section */

/* Begin PBXFileReference section */
		6D07D72628B94A2400CA840F /* .swiftlint.yml */ = {isa = PBXFileReference; lastKnownFileType = text.yaml; path = .swiftlint.yml; sourceTree = "<group>"; };
		6D07D72828B94AA100CA840F /* Base */ = {isa = PBXFileReference; lastKnownFileType = file.storyboard; name = Base; path = Base.lproj/LaunchScreen.storyboard; sourceTree = "<group>"; };
		6D07D72928B94CE500CA840F /* release-actions.yml */ = {isa = PBXFileReference; lastKnownFileType = text.yaml; path = "release-actions.yml"; sourceTree = "<group>"; };
		6D07D72C28B94EFE00CA840F /* en */ = {isa = PBXFileReference; lastKnownFileType = text.plist.strings; name = en; path = en.lproj/LaunchScreen.strings; sourceTree = "<group>"; };
		6D1B304A28E8F9F60017A920 /* _ProfileEvents.swift */ = {isa = PBXFileReference; lastKnownFileType = sourcecode.swift; path = _ProfileEvents.swift; sourceTree = "<group>"; };
		6D1B304D28E902C30017A920 /* TasksAnalytics.swift */ = {isa = PBXFileReference; lastKnownFileType = sourcecode.swift; path = TasksAnalytics.swift; sourceTree = "<group>"; };
		6D1C632328BD1E2E0070F482 /* Ext+UIApplication.swift */ = {isa = PBXFileReference; lastKnownFileType = sourcecode.swift; path = "Ext+UIApplication.swift"; sourceTree = "<group>"; };
		6D1C635A28BD43F10070F482 /* Deliverfile */ = {isa = PBXFileReference; lastKnownFileType = text; path = Deliverfile; sourceTree = "<group>"; };
		6D39BF4B28DCFEFF00A6926B /* ApplicationEvents.swift */ = {isa = PBXFileReference; lastKnownFileType = sourcecode.swift; path = ApplicationEvents.swift; sourceTree = "<group>"; };
		6D39BF4D28DCFF4D00A6926B /* ApplicationErrors.swift */ = {isa = PBXFileReference; lastKnownFileType = sourcecode.swift; path = ApplicationErrors.swift; sourceTree = "<group>"; };
		6D50787628E4C53F00C93201 /* TabbarView.swift */ = {isa = PBXFileReference; lastKnownFileType = sourcecode.swift; path = TabbarView.swift; sourceTree = "<group>"; };
		6D64E61C28C8D31500455C62 /* CoreAnalytics */ = {isa = PBXFileReference; lastKnownFileType = wrapper; path = CoreAnalytics; sourceTree = "<group>"; };
		6D7CCB3128E84D5F00AA5328 /* AppImages.xcassets */ = {isa = PBXFileReference; lastKnownFileType = folder.assetcatalog; path = AppImages.xcassets; sourceTree = "<group>"; };
		6D86FE4228BFAD32004B3242 /* Ext+Collection.swift */ = {isa = PBXFileReference; lastKnownFileType = sourcecode.swift; path = "Ext+Collection.swift"; sourceTree = "<group>"; };
		6D8A71B128C4028B00682F04 /* AppImages.swift */ = {isa = PBXFileReference; lastKnownFileType = sourcecode.swift; path = AppImages.swift; sourceTree = "<group>"; };
		6DA02E8928ECDB1F00EF7EC7 /* @UserDefaults.swift */ = {isa = PBXFileReference; lastKnownFileType = sourcecode.swift; path = "@UserDefaults.swift"; sourceTree = "<group>"; };
		6DA02E8C28ECECC700EF7EC7 /* copyright.txt */ = {isa = PBXFileReference; lastKnownFileType = text; path = copyright.txt; sourceTree = "<group>"; };
		6DA02E8D28ECECC700EF7EC7 /* secondary_category.txt */ = {isa = PBXFileReference; lastKnownFileType = text; path = secondary_category.txt; sourceTree = "<group>"; };
		6DA02E9928ECECC700EF7EC7 /* review_email.txt */ = {isa = PBXFileReference; lastKnownFileType = text; path = review_email.txt; sourceTree = "<group>"; };
		6DA02E9A28ECECC700EF7EC7 /* review_last_name.txt */ = {isa = PBXFileReference; lastKnownFileType = text; path = review_last_name.txt; sourceTree = "<group>"; };
		6DA02E9B28ECECC700EF7EC7 /* review_phone_number.txt */ = {isa = PBXFileReference; lastKnownFileType = text; path = review_phone_number.txt; sourceTree = "<group>"; };
		6DA02E9C28ECECC700EF7EC7 /* review_notes.txt */ = {isa = PBXFileReference; lastKnownFileType = text; path = review_notes.txt; sourceTree = "<group>"; };
		6DA02E9D28ECECC700EF7EC7 /* review_first_name.txt */ = {isa = PBXFileReference; lastKnownFileType = text; path = review_first_name.txt; sourceTree = "<group>"; };
		6DA02E9E28ECECC700EF7EC7 /* primary_category.txt */ = {isa = PBXFileReference; lastKnownFileType = text; path = primary_category.txt; sourceTree = "<group>"; };
		6DA02EA028ECED9200EF7EC7 /* privacy_url.txt */ = {isa = PBXFileReference; lastKnownFileType = text; path = privacy_url.txt; sourceTree = "<group>"; };
		6DA02EA128ECED9200EF7EC7 /* subtitle.txt */ = {isa = PBXFileReference; lastKnownFileType = text; path = subtitle.txt; sourceTree = "<group>"; };
		6DA02EA228ECED9200EF7EC7 /* support_url.txt */ = {isa = PBXFileReference; lastKnownFileType = text; path = support_url.txt; sourceTree = "<group>"; };
		6DA02EA328ECED9200EF7EC7 /* keywords.txt */ = {isa = PBXFileReference; lastKnownFileType = text; path = keywords.txt; sourceTree = "<group>"; };
		6DA02EA428ECED9200EF7EC7 /* promotional_text.txt */ = {isa = PBXFileReference; lastKnownFileType = text; path = promotional_text.txt; sourceTree = "<group>"; };
		6DA02EA528ECED9200EF7EC7 /* release_notes.txt */ = {isa = PBXFileReference; lastKnownFileType = text; path = release_notes.txt; sourceTree = "<group>"; };
		6DA02EA628ECED9200EF7EC7 /* name.txt */ = {isa = PBXFileReference; lastKnownFileType = text; path = name.txt; sourceTree = "<group>"; };
		6DA02EA728ECED9200EF7EC7 /* marketing_url.txt */ = {isa = PBXFileReference; lastKnownFileType = text; path = marketing_url.txt; sourceTree = "<group>"; };
		6DA02EA828ECED9200EF7EC7 /* description.txt */ = {isa = PBXFileReference; lastKnownFileType = text; path = description.txt; sourceTree = "<group>"; };
		6DA02EA928ECED9200EF7EC7 /* name.txt */ = {isa = PBXFileReference; lastKnownFileType = text; path = name.txt; sourceTree = "<group>"; };
		6DA02EAA28ECED9200EF7EC7 /* support_url.txt */ = {isa = PBXFileReference; lastKnownFileType = text; path = support_url.txt; sourceTree = "<group>"; };
		6DA02EAB28ECED9200EF7EC7 /* privacy_url.txt */ = {isa = PBXFileReference; lastKnownFileType = text; path = privacy_url.txt; sourceTree = "<group>"; };
		6DA02EAC28ECED9200EF7EC7 /* description.txt */ = {isa = PBXFileReference; lastKnownFileType = text; path = description.txt; sourceTree = "<group>"; };
		6DA02EAD28ECED9200EF7EC7 /* release_notes.txt */ = {isa = PBXFileReference; lastKnownFileType = text; path = release_notes.txt; sourceTree = "<group>"; };
		6DA02EAE28ECED9200EF7EC7 /* promotional_text.txt */ = {isa = PBXFileReference; lastKnownFileType = text; path = promotional_text.txt; sourceTree = "<group>"; };
		6DA02EAF28ECED9200EF7EC7 /* subtitle.txt */ = {isa = PBXFileReference; lastKnownFileType = text; path = subtitle.txt; sourceTree = "<group>"; };
		6DA02EB028ECED9200EF7EC7 /* keywords.txt */ = {isa = PBXFileReference; lastKnownFileType = text; path = keywords.txt; sourceTree = "<group>"; };
		6DA02EB128ECED9300EF7EC7 /* marketing_url.txt */ = {isa = PBXFileReference; lastKnownFileType = text; path = marketing_url.txt; sourceTree = "<group>"; };
		6DA29C0D28D0B65C00B0DFE7 /* Ext+ECommerceAmount.swift */ = {isa = PBXFileReference; lastKnownFileType = sourcecode.swift; path = "Ext+ECommerceAmount.swift"; sourceTree = "<group>"; };
		6DA29C1028D0CABF00B0DFE7 /* Ext+ECommerceOrder.swift */ = {isa = PBXFileReference; lastKnownFileType = sourcecode.swift; path = "Ext+ECommerceOrder.swift"; sourceTree = "<group>"; };
		6DA29C1228D0CBA800B0DFE7 /* Ext+ECommerceCartItem.swift */ = {isa = PBXFileReference; lastKnownFileType = sourcecode.swift; path = "Ext+ECommerceCartItem.swift"; sourceTree = "<group>"; };
		6DA29C1428D0CBF500B0DFE7 /* Ext+ECommerceReferrer.swift */ = {isa = PBXFileReference; lastKnownFileType = sourcecode.swift; path = "Ext+ECommerceReferrer.swift"; sourceTree = "<group>"; };
		6DA29C1628D0CC2300B0DFE7 /* Ext+ECommerceScreen.swift */ = {isa = PBXFileReference; lastKnownFileType = sourcecode.swift; path = "Ext+ECommerceScreen.swift"; sourceTree = "<group>"; };
		6DA29C1828D0CC4F00B0DFE7 /* Ext+ECommerceProduct.swift */ = {isa = PBXFileReference; lastKnownFileType = sourcecode.swift; path = "Ext+ECommerceProduct.swift"; sourceTree = "<group>"; };
		6DA29C1A28D0CCC200B0DFE7 /* Ext+ECommercePrice.swift */ = {isa = PBXFileReference; lastKnownFileType = sourcecode.swift; path = "Ext+ECommercePrice.swift"; sourceTree = "<group>"; };
		6DA610D828CB9F0700830E12 /* YandexAnalyticsEngine.swift */ = {isa = PBXFileReference; lastKnownFileType = sourcecode.swift; path = YandexAnalyticsEngine.swift; sourceTree = "<group>"; };
		6DAB195928AD531000536430 /* todo-app.app */ = {isa = PBXFileReference; explicitFileType = wrapper.application; includeInIndex = 0; path = "todo-app.app"; sourceTree = BUILT_PRODUCTS_DIR; };
		6DAB195C28AD531000536430 /* AppDelegate.swift */ = {isa = PBXFileReference; lastKnownFileType = sourcecode.swift; path = AppDelegate.swift; sourceTree = "<group>"; };
		6DAB195E28AD531000536430 /* SceneDelegate.swift */ = {isa = PBXFileReference; lastKnownFileType = sourcecode.swift; path = SceneDelegate.swift; sourceTree = "<group>"; };
		6DAB196528AD531100536430 /* AppConfig.xcassets */ = {isa = PBXFileReference; lastKnownFileType = folder.assetcatalog; path = AppConfig.xcassets; sourceTree = "<group>"; };
		6DAB196A28AD531100536430 /* AppConfig.plist */ = {isa = PBXFileReference; lastKnownFileType = text.plist.xml; path = AppConfig.plist; sourceTree = "<group>"; };
		6DAB197128AD683500536430 /* DEV.xcconfig */ = {isa = PBXFileReference; lastKnownFileType = text.xcconfig; path = DEV.xcconfig; sourceTree = "<group>"; };
		6DAB197328AD689500536430 /* TEST.xcconfig */ = {isa = PBXFileReference; lastKnownFileType = text.xcconfig; path = TEST.xcconfig; sourceTree = "<group>"; };
		6DAB197428AD68B000536430 /* PROD.xcconfig */ = {isa = PBXFileReference; lastKnownFileType = text.xcconfig; path = PROD.xcconfig; sourceTree = "<group>"; };
		6DAB197728AD69FF00536430 /* BASE.xcconfig */ = {isa = PBXFileReference; lastKnownFileType = text.xcconfig; path = BASE.xcconfig; sourceTree = "<group>"; };
		6DAB197928AD6A9900536430 /* .gitignore */ = {isa = PBXFileReference; lastKnownFileType = text; path = .gitignore; sourceTree = "<group>"; };
		6DCDA23B28B591270028B849 /* AppColors.swift */ = {isa = PBXFileReference; lastKnownFileType = sourcecode.swift; path = AppColors.swift; sourceTree = "<group>"; };
		6DCDA23D28B591850028B849 /* AppColors.xcassets */ = {isa = PBXFileReference; lastKnownFileType = folder.assetcatalog; path = AppColors.xcassets; sourceTree = "<group>"; };
		6DCDA24028B59D0E0028B849 /* Appfile */ = {isa = PBXFileReference; fileEncoding = 4; lastKnownFileType = text; path = Appfile; sourceTree = "<group>"; };
		6DCDA24128B59D0E0028B849 /* Fastfile */ = {isa = PBXFileReference; fileEncoding = 4; lastKnownFileType = text; path = Fastfile; sourceTree = "<group>"; };
		6DCDA24228B59D0E0028B849 /* Matchfile */ = {isa = PBXFileReference; fileEncoding = 4; lastKnownFileType = text; path = Matchfile; sourceTree = "<group>"; };
		6DCDA24A28B63AAF0028B849 /* feature-actions.yml */ = {isa = PBXFileReference; lastKnownFileType = text.yaml; path = "feature-actions.yml"; sourceTree = "<group>"; };
		6DCDA24C28B646670028B849 /* develop-actions.yml */ = {isa = PBXFileReference; lastKnownFileType = text.yaml; path = "develop-actions.yml"; sourceTree = "<group>"; };
		6DCDA24E28B64CDC0028B849 /* KeyChain */ = {isa = PBXFileReference; lastKnownFileType = text; path = KeyChain; sourceTree = "<group>"; };
		6DF382DA28E7745F00225A05 /* CoreDataTaskRepository.swift */ = {isa = PBXFileReference; lastKnownFileType = sourcecode.swift; path = CoreDataTaskRepository.swift; sourceTree = "<group>"; };
		6DF382DD28E7749200225A05 /* CoreDataSaveModelPublisher.swift */ = {isa = PBXFileReference; lastKnownFileType = sourcecode.swift; path = CoreDataSaveModelPublisher.swift; sourceTree = "<group>"; };
		6DF382DF28E774A500225A05 /* CoreDataFetchResultsPublisher.swift */ = {isa = PBXFileReference; lastKnownFileType = sourcecode.swift; path = CoreDataFetchResultsPublisher.swift; sourceTree = "<group>"; };
		6DF382E128E774BA00225A05 /* CoreDataDeleteModelPublisher.swift */ = {isa = PBXFileReference; lastKnownFileType = sourcecode.swift; path = CoreDataDeleteModelPublisher.swift; sourceTree = "<group>"; };
		6DF382E328E774F100225A05 /* _TaskRepository.swift */ = {isa = PBXFileReference; lastKnownFileType = sourcecode.swift; path = _TaskRepository.swift; sourceTree = "<group>"; };
		6DF382E828E7758200225A05 /* CoreDataPersistence.swift */ = {isa = PBXFileReference; lastKnownFileType = sourcecode.swift; path = CoreDataPersistence.swift; sourceTree = "<group>"; };
		6DF382ED28E775B700225A05 /* TodoApp.xcdatamodel */ = {isa = PBXFileReference; lastKnownFileType = wrapper.xcdatamodel; path = TodoApp.xcdatamodel; sourceTree = "<group>"; };
		6DF382EF28E7760B00225A05 /* TasksViewModel.swift */ = {isa = PBXFileReference; lastKnownFileType = sourcecode.swift; path = TasksViewModel.swift; sourceTree = "<group>"; };
		6DF382F128E7762200225A05 /* TaskRowViewModel.swift */ = {isa = PBXFileReference; lastKnownFileType = sourcecode.swift; path = TaskRowViewModel.swift; sourceTree = "<group>"; };
		6DF382F328E7767A00225A05 /* TasksView.swift */ = {isa = PBXFileReference; lastKnownFileType = sourcecode.swift; path = TasksView.swift; sourceTree = "<group>"; };
		6DF382F528E7769200225A05 /* TaskRow.swift */ = {isa = PBXFileReference; lastKnownFileType = sourcecode.swift; path = TaskRow.swift; sourceTree = "<group>"; };
		6DF382F728E776BC00225A05 /* Task.swift */ = {isa = PBXFileReference; lastKnownFileType = sourcecode.swift; path = Task.swift; sourceTree = "<group>"; };
/* End PBXFileReference section */

/* Begin PBXFrameworksBuildPhase section */
		6DAB195628AD531000536430 /* Frameworks */ = {
			isa = PBXFrameworksBuildPhase;
			buildActionMask = 2147483647;
			files = (
				6D50787C28E4C84E00C93201 /* YandexMobileMetricaCrashes in Frameworks */,
				6DE17C1128E4B58A00F1D938 /* CoreAnalytics in Frameworks */,
				6D50787A28E4C84E00C93201 /* YandexMobileMetrica in Frameworks */,
			);
			runOnlyForDeploymentPostprocessing = 0;
		};
/* End PBXFrameworksBuildPhase section */

/* Begin PBXGroup section */
		6D1B304C28E902AA0017A920 /* _Analytics */ = {
			isa = PBXGroup;
			children = (
				6D1B304D28E902C30017A920 /* TasksAnalytics.swift */,
			);
			path = _Analytics;
			sourceTree = "<group>";
		};
		6D1C632228BD1E1C0070F482 /* _Extensions */ = {
			isa = PBXGroup;
			children = (
				6DA02E8928ECDB1F00EF7EC7 /* @UserDefaults.swift */,
				6D86FE4228BFAD32004B3242 /* Ext+Collection.swift */,
				6D1C632328BD1E2E0070F482 /* Ext+UIApplication.swift */,
			);
			path = _Extensions;
			sourceTree = "<group>";
		};
		6D50787428E4C40100C93201 /* _AppColors */ = {
			isa = PBXGroup;
			children = (
				6DCDA23B28B591270028B849 /* AppColors.swift */,
				6DCDA23D28B591850028B849 /* AppColors.xcassets */,
			);
			path = _AppColors;
			sourceTree = "<group>";
		};
		6D50787528E4C51F00C93201 /* TabbarView */ = {
			isa = PBXGroup;
			children = (
				6D50787628E4C53F00C93201 /* TabbarView.swift */,
			);
			path = TabbarView;
			sourceTree = "<group>";
		};
		6D64E61B28C8D31500455C62 /* Packages */ = {
			isa = PBXGroup;
			children = (
				6D64E61C28C8D31500455C62 /* CoreAnalytics */,
			);
			name = Packages;
			sourceTree = "<group>";
		};
		6D64E61D28CB5E1600455C62 /* Frameworks */ = {
			isa = PBXGroup;
			children = (
			);
			name = Frameworks;
			sourceTree = "<group>";
		};
		6D7CCB3028E84D3400AA5328 /* _AppImages */ = {
			isa = PBXGroup;
			children = (
				6D8A71B128C4028B00682F04 /* AppImages.swift */,
				6D7CCB3128E84D5F00AA5328 /* AppImages.xcassets */,
			);
			path = _AppImages;
			sourceTree = "<group>";
		};
		6DA02E8B28ECECC700EF7EC7 /* metadata */ = {
			isa = PBXGroup;
			children = (
				6DA02E8C28ECECC700EF7EC7 /* copyright.txt */,
				6DA02E9E28ECECC700EF7EC7 /* primary_category.txt */,
				6DA02E8D28ECECC700EF7EC7 /* secondary_category.txt */,
				6DA02E9F28ECED9200EF7EC7 /* ru */,
				6DA02E9828ECECC700EF7EC7 /* review_information */,
				6DA02E8E28ECECC700EF7EC7 /* uk */,
			);
			path = metadata;
			sourceTree = "<group>";
		};
		6DA02E8E28ECECC700EF7EC7 /* uk */ = {
			isa = PBXGroup;
			children = (
				6DA02EAC28ECED9200EF7EC7 /* description.txt */,
				6DA02EB028ECED9200EF7EC7 /* keywords.txt */,
				6DA02EB128ECED9300EF7EC7 /* marketing_url.txt */,
				6DA02EA928ECED9200EF7EC7 /* name.txt */,
				6DA02EAB28ECED9200EF7EC7 /* privacy_url.txt */,
				6DA02EAE28ECED9200EF7EC7 /* promotional_text.txt */,
				6DA02EAD28ECED9200EF7EC7 /* release_notes.txt */,
				6DA02EAF28ECED9200EF7EC7 /* subtitle.txt */,
				6DA02EAA28ECED9200EF7EC7 /* support_url.txt */,
			);
			path = uk;
			sourceTree = "<group>";
		};
		6DA02E9828ECECC700EF7EC7 /* review_information */ = {
			isa = PBXGroup;
			children = (
				6DA02E9928ECECC700EF7EC7 /* review_email.txt */,
				6DA02E9A28ECECC700EF7EC7 /* review_last_name.txt */,
				6DA02E9B28ECECC700EF7EC7 /* review_phone_number.txt */,
				6DA02E9C28ECECC700EF7EC7 /* review_notes.txt */,
				6DA02E9D28ECECC700EF7EC7 /* review_first_name.txt */,
			);
			path = review_information;
			sourceTree = "<group>";
		};
		6DA02E9F28ECED9200EF7EC7 /* ru */ = {
			isa = PBXGroup;
			children = (
				6DA02EA828ECED9200EF7EC7 /* description.txt */,
				6DA02EA328ECED9200EF7EC7 /* keywords.txt */,
				6DA02EA728ECED9200EF7EC7 /* marketing_url.txt */,
				6DA02EA628ECED9200EF7EC7 /* name.txt */,
				6DA02EA028ECED9200EF7EC7 /* privacy_url.txt */,
				6DA02EA428ECED9200EF7EC7 /* promotional_text.txt */,
				6DA02EA528ECED9200EF7EC7 /* release_notes.txt */,
				6DA02EA128ECED9200EF7EC7 /* subtitle.txt */,
				6DA02EA228ECED9200EF7EC7 /* support_url.txt */,
			);
			path = ru;
			sourceTree = "<group>";
		};
		6DA29C0F28D0CA3A00B0DFE7 /* CA_Ext+Yandex */ = {
			isa = PBXGroup;
			children = (
				6DA29C0D28D0B65C00B0DFE7 /* Ext+ECommerceAmount.swift */,
				6DA29C1228D0CBA800B0DFE7 /* Ext+ECommerceCartItem.swift */,
				6DA29C1028D0CABF00B0DFE7 /* Ext+ECommerceOrder.swift */,
				6DA29C1A28D0CCC200B0DFE7 /* Ext+ECommercePrice.swift */,
				6DA29C1828D0CC4F00B0DFE7 /* Ext+ECommerceProduct.swift */,
				6DA29C1428D0CBF500B0DFE7 /* Ext+ECommerceReferrer.swift */,
				6DA29C1628D0CC2300B0DFE7 /* Ext+ECommerceScreen.swift */,
			);
			path = "CA_Ext+Yandex";
			sourceTree = "<group>";
		};
		6DA610D728CB9ED800830E12 /* _Analytics */ = {
			isa = PBXGroup;
			children = (
				6D1B304A28E8F9F60017A920 /* _ProfileEvents.swift */,
				6D39BF4D28DCFF4D00A6926B /* ApplicationErrors.swift */,
				6D39BF4B28DCFEFF00A6926B /* ApplicationEvents.swift */,
				6DA610D828CB9F0700830E12 /* YandexAnalyticsEngine.swift */,
				6DA29C0F28D0CA3A00B0DFE7 /* CA_Ext+Yandex */,
			);
			path = _Analytics;
			sourceTree = "<group>";
		};
		6DAB195028AD531000536430 = {
			isa = PBXGroup;
			children = (
				6DCDA24828B637F60028B849 /* .github */,
				6DAB197928AD6A9900536430 /* .gitignore */,
				6D07D72628B94A2400CA840F /* .swiftlint.yml */,
				6DCDA23F28B59D0E0028B849 /* fastlane */,
				6D64E61D28CB5E1600455C62 /* Frameworks */,
				6DA02E8B28ECECC700EF7EC7 /* metadata */,
				6D64E61B28C8D31500455C62 /* Packages */,
				6DAB195A28AD531000536430 /* Products */,
				6DE17C0A28E4B45600F1D938 /* Shared */,
				6DAB195B28AD531000536430 /* todo-app */,
			);
			sourceTree = "<group>";
		};
		6DAB195A28AD531000536430 /* Products */ = {
			isa = PBXGroup;
			children = (
				6DAB195928AD531000536430 /* todo-app.app */,
			);
			name = Products;
			sourceTree = "<group>";
		};
		6DAB195B28AD531000536430 /* todo-app */ = {
			isa = PBXGroup;
			children = (
				6DAB195C28AD531000536430 /* AppDelegate.swift */,
				6DAB195E28AD531000536430 /* SceneDelegate.swift */,
				6DA610D728CB9ED800830E12 /* _Analytics */,
				6DAB197028AD5A5D00536430 /* _AppConfig */,
				6DAB196728AD531100536430 /* LaunchScreen.storyboard */,
				6D50787528E4C51F00C93201 /* TabbarView */,
			);
			path = "todo-app";
			sourceTree = "<group>";
		};
		6DAB197028AD5A5D00536430 /* _AppConfig */ = {
			isa = PBXGroup;
			children = (
				6DAB196A28AD531100536430 /* AppConfig.plist */,
				6DAB196528AD531100536430 /* AppConfig.xcassets */,
				6DAB197228AD685D00536430 /* Configurations */,
			);
			path = _AppConfig;
			sourceTree = "<group>";
		};
		6DAB197228AD685D00536430 /* Configurations */ = {
			isa = PBXGroup;
			children = (
				6DAB197728AD69FF00536430 /* BASE.xcconfig */,
				6DAB197128AD683500536430 /* DEV.xcconfig */,
				6DAB197428AD68B000536430 /* PROD.xcconfig */,
				6DAB197328AD689500536430 /* TEST.xcconfig */,
			);
			path = Configurations;
			sourceTree = "<group>";
		};
		6DCDA23F28B59D0E0028B849 /* fastlane */ = {
			isa = PBXGroup;
			children = (
				6DCDA24028B59D0E0028B849 /* Appfile */,
				6D1C635A28BD43F10070F482 /* Deliverfile */,
				6DCDA24128B59D0E0028B849 /* Fastfile */,
				6DCDA24E28B64CDC0028B849 /* KeyChain */,
				6DCDA24228B59D0E0028B849 /* Matchfile */,
			);
			path = fastlane;
			sourceTree = "<group>";
		};
		6DCDA24828B637F60028B849 /* .github */ = {
			isa = PBXGroup;
			children = (
				6DCDA24928B639EE0028B849 /* workflows */,
			);
			path = .github;
			sourceTree = "<group>";
		};
		6DCDA24928B639EE0028B849 /* workflows */ = {
			isa = PBXGroup;
			children = (
				6DCDA24C28B646670028B849 /* develop-actions.yml */,
				6DCDA24A28B63AAF0028B849 /* feature-actions.yml */,
				6D07D72928B94CE500CA840F /* release-actions.yml */,
			);
			path = workflows;
			sourceTree = "<group>";
		};
		6DE17C0A28E4B45600F1D938 /* Shared */ = {
			isa = PBXGroup;
			children = (
				6D50787428E4C40100C93201 /* _AppColors */,
				6D7CCB3028E84D3400AA5328 /* _AppImages */,
				6D1C632228BD1E1C0070F482 /* _Extensions */,
				6DF382D928E7744600225A05 /* CoreDataStuff */,
				6DF382D828E773EF00225A05 /* ToDoSummary */,
			);
			path = Shared;
			sourceTree = "<group>";
		};
		6DF382D828E773EF00225A05 /* ToDoSummary */ = {
			isa = PBXGroup;
			children = (
				6D1B304C28E902AA0017A920 /* _Analytics */,
				6DF382F728E776BC00225A05 /* Task.swift */,
				6DF382F528E7769200225A05 /* TaskRow.swift */,
				6DF382F128E7762200225A05 /* TaskRowViewModel.swift */,
				6DF382F328E7767A00225A05 /* TasksView.swift */,
				6DF382EF28E7760B00225A05 /* TasksViewModel.swift */,
			);
			path = ToDoSummary;
			sourceTree = "<group>";
		};
		6DF382D928E7744600225A05 /* CoreDataStuff */ = {
			isa = PBXGroup;
			children = (
				6DF382EC28E775B700225A05 /* TodoApp.xcdatamodeld */,
				6DF382E328E774F100225A05 /* _TaskRepository.swift */,
				6DF382E828E7758200225A05 /* CoreDataPersistence.swift */,
				6DF382DA28E7745F00225A05 /* CoreDataTaskRepository.swift */,
				6DF382DC28E7747100225A05 /* Publishers */,
			);
			path = CoreDataStuff;
			sourceTree = "<group>";
		};
		6DF382DC28E7747100225A05 /* Publishers */ = {
			isa = PBXGroup;
			children = (
				6DF382DD28E7749200225A05 /* CoreDataSaveModelPublisher.swift */,
				6DF382DF28E774A500225A05 /* CoreDataFetchResultsPublisher.swift */,
				6DF382E128E774BA00225A05 /* CoreDataDeleteModelPublisher.swift */,
			);
			path = Publishers;
			sourceTree = "<group>";
		};
/* End PBXGroup section */

/* Begin PBXNativeTarget section */
		6DAB195828AD531000536430 /* todo-app */ = {
			isa = PBXNativeTarget;
			buildConfigurationList = 6DAB196D28AD531100536430 /* Build configuration list for PBXNativeTarget "todo-app" */;
			buildPhases = (
				6DAB195528AD531000536430 /* Sources */,
				6DAB195628AD531000536430 /* Frameworks */,
				6DAB195728AD531000536430 /* Resources */,
				6D07D72328B9494900CA840F /* ShellScript */,
				6D39BF5328DDE11C00A6926B /* Embed Frameworks */,
			);
			buildRules = (
			);
			dependencies = (
			);
			name = "todo-app";
			packageProductDependencies = (
				6DE17C1028E4B58A00F1D938 /* CoreAnalytics */,
				6D50787928E4C84E00C93201 /* YandexMobileMetrica */,
				6D50787B28E4C84E00C93201 /* YandexMobileMetricaCrashes */,
			);
			productName = "todo-app";
			productReference = 6DAB195928AD531000536430 /* todo-app.app */;
			productType = "com.apple.product-type.application";
		};
/* End PBXNativeTarget section */

/* Begin PBXProject section */
		6DAB195128AD531000536430 /* Project object */ = {
			isa = PBXProject;
			attributes = {
				BuildIndependentTargetsInParallel = 1;
				LastSwiftUpdateCheck = 1340;
				LastUpgradeCheck = 1340;
				TargetAttributes = {
					6DAB195828AD531000536430 = {
						CreatedOnToolsVersion = 13.4.1;
					};
				};
			};
			buildConfigurationList = 6DAB195428AD531000536430 /* Build configuration list for PBXProject "todo-app" */;
			compatibilityVersion = "Xcode 13.0";
			developmentRegion = en;
			hasScannedForEncodings = 0;
			knownRegions = (
				en,
				Base,
			);
			mainGroup = 6DAB195028AD531000536430;
			packageReferences = (
				6D50787828E4C84E00C93201 /* XCRemoteSwiftPackageReference "metrica-sdk-ios" */,
			);
			productRefGroup = 6DAB195A28AD531000536430 /* Products */;
			projectDirPath = "";
			projectRoot = "";
			targets = (
				6DAB195828AD531000536430 /* todo-app */,
			);
		};
/* End PBXProject section */

/* Begin PBXResourcesBuildPhase section */
		6DAB195728AD531000536430 /* Resources */ = {
			isa = PBXResourcesBuildPhase;
			buildActionMask = 2147483647;
			files = (
				6D07D72728B94A2400CA840F /* .swiftlint.yml in Resources */,
				6D7CCB3228E84D5F00AA5328 /* AppImages.xcassets in Resources */,
				6DCDA24428B59D0E0028B849 /* Fastfile in Resources */,
				6D07D72A28B94CE500CA840F /* release-actions.yml in Resources */,
				6DAB196928AD531100536430 /* LaunchScreen.storyboard in Resources */,
				6DCDA24328B59D0E0028B849 /* Appfile in Resources */,
				6DCDA24D28B646670028B849 /* develop-actions.yml in Resources */,
				6DCDA23E28B591850028B849 /* AppColors.xcassets in Resources */,
				6DCDA24F28B64CDC0028B849 /* KeyChain in Resources */,
				6DAB197A28AD6A9900536430 /* .gitignore in Resources */,
				6DCDA24528B59D0E0028B849 /* Matchfile in Resources */,
				6D1C635B28BD43F10070F482 /* Deliverfile in Resources */,
				6DCDA24B28B63AAF0028B849 /* feature-actions.yml in Resources */,
				6DAB196628AD531100536430 /* AppConfig.xcassets in Resources */,
			);
			runOnlyForDeploymentPostprocessing = 0;
		};
/* End PBXResourcesBuildPhase section */

/* Begin PBXShellScriptBuildPhase section */
		6D07D72328B9494900CA840F /* ShellScript */ = {
			isa = PBXShellScriptBuildPhase;
			buildActionMask = 2147483647;
			files = (
			);
			inputFileListPaths = (
			);
			inputPaths = (
			);
			outputFileListPaths = (
			);
			outputPaths = (
			);
			runOnlyForDeploymentPostprocessing = 0;
			shellPath = /bin/sh;
			shellScript = "export PATH=\"$PATH:/opt/homebrew/bin\"\nif which swiftlint > /dev/null; then\n  swiftlint\nelse\n  echo \"warning: SwiftLint not installed, download from https://github.com/realm/SwiftLint\"\nfi\n";
		};
/* End PBXShellScriptBuildPhase section */

/* Begin PBXSourcesBuildPhase section */
		6DAB195528AD531000536430 /* Sources */ = {
			isa = PBXSourcesBuildPhase;
			buildActionMask = 2147483647;
			files = (
				6DF382F828E776BC00225A05 /* Task.swift in Sources */,
				6DF382F228E7762200225A05 /* TaskRowViewModel.swift in Sources */,
				6DF382F428E7767A00225A05 /* TasksView.swift in Sources */,
				6D1C632428BD1E2E0070F482 /* Ext+UIApplication.swift in Sources */,
				6DA29C1728D0CC2300B0DFE7 /* Ext+ECommerceScreen.swift in Sources */,
				6DA02E8A28ECDB1F00EF7EC7 /* @UserDefaults.swift in Sources */,
				6DAB195D28AD531000536430 /* AppDelegate.swift in Sources */,
				6DF382E028E774A500225A05 /* CoreDataFetchResultsPublisher.swift in Sources */,
				6DF382DB28E7745F00225A05 /* CoreDataTaskRepository.swift in Sources */,
				6D86FE4328BFAD32004B3242 /* Ext+Collection.swift in Sources */,
				6DF382E228E774BA00225A05 /* CoreDataDeleteModelPublisher.swift in Sources */,
				6DA610D928CB9F0700830E12 /* YandexAnalyticsEngine.swift in Sources */,
				6DF382E428E774F100225A05 /* _TaskRepository.swift in Sources */,
				6DF382F628E7769200225A05 /* TaskRow.swift in Sources */,
				6D39BF4C28DCFEFF00A6926B /* ApplicationEvents.swift in Sources */,
				6DF382E928E7758200225A05 /* CoreDataPersistence.swift in Sources */,
				6DCDA23C28B591270028B849 /* AppColors.swift in Sources */,
				6DA29C1B28D0CCC200B0DFE7 /* Ext+ECommercePrice.swift in Sources */,
				6DA29C0E28D0B65C00B0DFE7 /* Ext+ECommerceAmount.swift in Sources */,
				6DA29C1928D0CC4F00B0DFE7 /* Ext+ECommerceProduct.swift in Sources */,
				6D8A71B228C4028B00682F04 /* AppImages.swift in Sources */,
				6D39BF4E28DCFF4D00A6926B /* ApplicationErrors.swift in Sources */,
				6DF382DE28E7749200225A05 /* CoreDataSaveModelPublisher.swift in Sources */,
				6D50787728E4C53F00C93201 /* TabbarView.swift in Sources */,
				6DF382F028E7760B00225A05 /* TasksViewModel.swift in Sources */,
				6DF382EE28E775B700225A05 /* TodoApp.xcdatamodeld in Sources */,
				6DAB195F28AD531000536430 /* SceneDelegate.swift in Sources */,
				6DA29C1528D0CBF500B0DFE7 /* Ext+ECommerceReferrer.swift in Sources */,
				6DA29C1128D0CABF00B0DFE7 /* Ext+ECommerceOrder.swift in Sources */,
				6D1B304B28E8F9F60017A920 /* _ProfileEvents.swift in Sources */,
				6DA29C1328D0CBA800B0DFE7 /* Ext+ECommerceCartItem.swift in Sources */,
				6D1B304E28E902C30017A920 /* TasksAnalytics.swift in Sources */,
			);
			runOnlyForDeploymentPostprocessing = 0;
		};
/* End PBXSourcesBuildPhase section */

/* Begin PBXVariantGroup section */
		6DAB196728AD531100536430 /* LaunchScreen.storyboard */ = {
			isa = PBXVariantGroup;
			children = (
				6D07D72828B94AA100CA840F /* Base */,
				6D07D72C28B94EFE00CA840F /* en */,
			);
			name = LaunchScreen.storyboard;
			sourceTree = "<group>";
		};
/* End PBXVariantGroup section */

/* Begin XCBuildConfiguration section */
		6DAB196B28AD531100536430 /* dev */ = {
			isa = XCBuildConfiguration;
			baseConfigurationReference = 6DAB197728AD69FF00536430 /* BASE.xcconfig */;
			buildSettings = {
				ALWAYS_SEARCH_USER_PATHS = NO;
				CLANG_ANALYZER_NONNULL = YES;
				CLANG_ANALYZER_NUMBER_OBJECT_CONVERSION = YES_AGGRESSIVE;
				CLANG_CXX_LANGUAGE_STANDARD = "gnu++17";
				CLANG_ENABLE_MODULES = YES;
				CLANG_ENABLE_OBJC_ARC = YES;
				CLANG_ENABLE_OBJC_WEAK = YES;
				CLANG_WARN_BLOCK_CAPTURE_AUTORELEASING = YES;
				CLANG_WARN_BOOL_CONVERSION = YES;
				CLANG_WARN_COMMA = YES;
				CLANG_WARN_CONSTANT_CONVERSION = YES;
				CLANG_WARN_DEPRECATED_OBJC_IMPLEMENTATIONS = YES;
				CLANG_WARN_DIRECT_OBJC_ISA_USAGE = YES_ERROR;
				CLANG_WARN_DOCUMENTATION_COMMENTS = YES;
				CLANG_WARN_EMPTY_BODY = YES;
				CLANG_WARN_ENUM_CONVERSION = YES;
				CLANG_WARN_INFINITE_RECURSION = YES;
				CLANG_WARN_INT_CONVERSION = YES;
				CLANG_WARN_NON_LITERAL_NULL_CONVERSION = YES;
				CLANG_WARN_OBJC_IMPLICIT_RETAIN_SELF = YES;
				CLANG_WARN_OBJC_LITERAL_CONVERSION = YES;
				CLANG_WARN_OBJC_ROOT_CLASS = YES_ERROR;
				CLANG_WARN_QUOTED_INCLUDE_IN_FRAMEWORK_HEADER = YES;
				CLANG_WARN_RANGE_LOOP_ANALYSIS = YES;
				CLANG_WARN_STRICT_PROTOTYPES = YES;
				CLANG_WARN_SUSPICIOUS_MOVE = YES;
				CLANG_WARN_UNGUARDED_AVAILABILITY = YES_AGGRESSIVE;
				CLANG_WARN_UNREACHABLE_CODE = YES;
				CLANG_WARN__DUPLICATE_METHOD_MATCH = YES;
				COPY_PHASE_STRIP = NO;
				DEBUG_INFORMATION_FORMAT = dwarf;
				ENABLE_STRICT_OBJC_MSGSEND = YES;
				ENABLE_TESTABILITY = YES;
				EXCLUDED_ARCHS = "";
				"EXCLUDED_ARCHS[sdk=iphonesimulator*]" = arm64;
				GCC_C_LANGUAGE_STANDARD = gnu11;
				GCC_DYNAMIC_NO_PIC = NO;
				GCC_NO_COMMON_BLOCKS = YES;
				GCC_OPTIMIZATION_LEVEL = 0;
				GCC_PREPROCESSOR_DEFINITIONS = dev;
				GCC_WARN_64_TO_32_BIT_CONVERSION = YES;
				GCC_WARN_ABOUT_RETURN_TYPE = YES_ERROR;
				GCC_WARN_UNDECLARED_SELECTOR = YES;
				GCC_WARN_UNINITIALIZED_AUTOS = YES_AGGRESSIVE;
				GCC_WARN_UNUSED_FUNCTION = YES;
				GCC_WARN_UNUSED_VARIABLE = YES;
				IPHONEOS_DEPLOYMENT_TARGET = 14.0;
				MTL_ENABLE_DEBUG_INFO = INCLUDE_SOURCE;
				MTL_FAST_MATH = YES;
				ONLY_ACTIVE_ARCH = YES;
				SDKROOT = iphoneos;
				SWIFT_ACTIVE_COMPILATION_CONDITIONS = dev;
				SWIFT_OPTIMIZATION_LEVEL = "-Onone";
			};
			name = dev;
		};
		6DAB196C28AD531100536430 /* test */ = {
			isa = XCBuildConfiguration;
			baseConfigurationReference = 6DAB197728AD69FF00536430 /* BASE.xcconfig */;
			buildSettings = {
				ALWAYS_SEARCH_USER_PATHS = NO;
				CLANG_ANALYZER_NONNULL = YES;
				CLANG_ANALYZER_NUMBER_OBJECT_CONVERSION = YES_AGGRESSIVE;
				CLANG_CXX_LANGUAGE_STANDARD = "gnu++17";
				CLANG_ENABLE_MODULES = YES;
				CLANG_ENABLE_OBJC_ARC = YES;
				CLANG_ENABLE_OBJC_WEAK = YES;
				CLANG_WARN_BLOCK_CAPTURE_AUTORELEASING = YES;
				CLANG_WARN_BOOL_CONVERSION = YES;
				CLANG_WARN_COMMA = YES;
				CLANG_WARN_CONSTANT_CONVERSION = YES;
				CLANG_WARN_DEPRECATED_OBJC_IMPLEMENTATIONS = YES;
				CLANG_WARN_DIRECT_OBJC_ISA_USAGE = YES_ERROR;
				CLANG_WARN_DOCUMENTATION_COMMENTS = YES;
				CLANG_WARN_EMPTY_BODY = YES;
				CLANG_WARN_ENUM_CONVERSION = YES;
				CLANG_WARN_INFINITE_RECURSION = YES;
				CLANG_WARN_INT_CONVERSION = YES;
				CLANG_WARN_NON_LITERAL_NULL_CONVERSION = YES;
				CLANG_WARN_OBJC_IMPLICIT_RETAIN_SELF = YES;
				CLANG_WARN_OBJC_LITERAL_CONVERSION = YES;
				CLANG_WARN_OBJC_ROOT_CLASS = YES_ERROR;
				CLANG_WARN_QUOTED_INCLUDE_IN_FRAMEWORK_HEADER = YES;
				CLANG_WARN_RANGE_LOOP_ANALYSIS = YES;
				CLANG_WARN_STRICT_PROTOTYPES = YES;
				CLANG_WARN_SUSPICIOUS_MOVE = YES;
				CLANG_WARN_UNGUARDED_AVAILABILITY = YES_AGGRESSIVE;
				CLANG_WARN_UNREACHABLE_CODE = YES;
				CLANG_WARN__DUPLICATE_METHOD_MATCH = YES;
				COPY_PHASE_STRIP = NO;
				DEBUG_INFORMATION_FORMAT = "dwarf-with-dsym";
				ENABLE_NS_ASSERTIONS = NO;
				ENABLE_STRICT_OBJC_MSGSEND = YES;
				EXCLUDED_ARCHS = "";
				GCC_C_LANGUAGE_STANDARD = gnu11;
				GCC_NO_COMMON_BLOCKS = YES;
				GCC_PREPROCESSOR_DEFINITIONS = test;
				GCC_WARN_64_TO_32_BIT_CONVERSION = YES;
				GCC_WARN_ABOUT_RETURN_TYPE = YES_ERROR;
				GCC_WARN_UNDECLARED_SELECTOR = YES;
				GCC_WARN_UNINITIALIZED_AUTOS = YES_AGGRESSIVE;
				GCC_WARN_UNUSED_FUNCTION = YES;
				GCC_WARN_UNUSED_VARIABLE = YES;
				IPHONEOS_DEPLOYMENT_TARGET = 14.0;
				MTL_ENABLE_DEBUG_INFO = NO;
				MTL_FAST_MATH = YES;
				ONLY_ACTIVE_ARCH = YES;
				SDKROOT = iphoneos;
				SWIFT_COMPILATION_MODE = wholemodule;
				SWIFT_OPTIMIZATION_LEVEL = "-O";
				VALIDATE_PRODUCT = YES;
			};
			name = test;
		};
		6DAB196E28AD531100536430 /* dev */ = {
			isa = XCBuildConfiguration;
			baseConfigurationReference = 6DAB197128AD683500536430 /* DEV.xcconfig */;
			buildSettings = {
				ASSETCATALOG_COMPILER_APPICON_NAME = "$(APP_ICON)";
				ASSETCATALOG_COMPILER_GLOBAL_ACCENT_COLOR_NAME = appColor;
				CODE_SIGN_IDENTITY = "Apple Development";
				"CODE_SIGN_IDENTITY[sdk=iphoneos*]" = "iPhone Distribution";
				CODE_SIGN_STYLE = Manual;
				CURRENT_PROJECT_VERSION = 13;
				DEVELOPMENT_TEAM = "";
				"DEVELOPMENT_TEAM[sdk=iphoneos*]" = JJC3HHT8LN;
				"EXCLUDED_ARCHS[sdk=iphonesimulator*]" = arm64;
				GENERATE_INFOPLIST_FILE = YES;
				INFOPLIST_FILE = "todo-app/_AppConfig/AppConfig.plist";
				INFOPLIST_KEY_CFBundleDisplayName = ToDo;
				INFOPLIST_KEY_LSApplicationCategoryType = "public.app-category.productivity";
				INFOPLIST_KEY_UIApplicationSupportsIndirectInputEvents = YES;
				INFOPLIST_KEY_UILaunchStoryboardName = LaunchScreen;
				INFOPLIST_KEY_UIMainStoryboardFile = "";
				INFOPLIST_KEY_UISupportedInterfaceOrientations = UIInterfaceOrientationPortrait;
				INFOPLIST_KEY_UISupportedInterfaceOrientations_iPad = "UIInterfaceOrientationLandscapeLeft UIInterfaceOrientationLandscapeRight";
				INFOPLIST_KEY_UIUserInterfaceStyle = Light;
				IPHONEOS_DEPLOYMENT_TARGET = 14.0;
				LD_RUNPATH_SEARCH_PATHS = (
					"$(inherited)",
					"@executable_path/Frameworks",
				);
				MARKETING_VERSION = 1.0.6;
				ONLY_ACTIVE_ARCH = YES;
				PRODUCT_BUNDLE_IDENTIFIER = "ru.polykuzin.todo-app";
				PRODUCT_NAME = "$(TARGET_NAME)";
				PROVISIONING_PROFILE_SPECIFIER = "";
				"PROVISIONING_PROFILE_SPECIFIER[sdk=iphoneos*]" = "match AppStore ru.polykuzin.todo-app";
				SUPPORTED_PLATFORMS = "iphoneos iphonesimulator";
				SUPPORTS_MACCATALYST = NO;
				SUPPORTS_MAC_DESIGNED_FOR_IPHONE_IPAD = NO;
				SWIFT_EMIT_LOC_STRINGS = YES;
				SWIFT_VERSION = 5.0;
				TARGETED_DEVICE_FAMILY = 1;
			};
			name = dev;
		};
		6DAB196F28AD531100536430 /* test */ = {
			isa = XCBuildConfiguration;
			baseConfigurationReference = 6DAB197328AD689500536430 /* TEST.xcconfig */;
			buildSettings = {
				ASSETCATALOG_COMPILER_APPICON_NAME = "$(APP_ICON)";
				ASSETCATALOG_COMPILER_GLOBAL_ACCENT_COLOR_NAME = appColor;
				"CODE_SIGN_IDENTITY[sdk=iphoneos*]" = "iPhone Distribution";
				CODE_SIGN_STYLE = Manual;
				CURRENT_PROJECT_VERSION = 13;
				DEVELOPMENT_TEAM = "";
				"DEVELOPMENT_TEAM[sdk=iphoneos*]" = JJC3HHT8LN;
				"EXCLUDED_ARCHS[sdk=iphonesimulator*]" = arm64;
				GENERATE_INFOPLIST_FILE = YES;
				INFOPLIST_FILE = "todo-app/_AppConfig/AppConfig.plist";
				INFOPLIST_KEY_CFBundleDisplayName = ToDo;
				INFOPLIST_KEY_LSApplicationCategoryType = "public.app-category.productivity";
				INFOPLIST_KEY_UIApplicationSupportsIndirectInputEvents = YES;
				INFOPLIST_KEY_UILaunchStoryboardName = LaunchScreen;
				INFOPLIST_KEY_UIMainStoryboardFile = "";
				INFOPLIST_KEY_UISupportedInterfaceOrientations = UIInterfaceOrientationPortrait;
				INFOPLIST_KEY_UISupportedInterfaceOrientations_iPad = "UIInterfaceOrientationLandscapeLeft UIInterfaceOrientationLandscapeRight";
				INFOPLIST_KEY_UIUserInterfaceStyle = Light;
				IPHONEOS_DEPLOYMENT_TARGET = 14.0;
				LD_RUNPATH_SEARCH_PATHS = (
					"$(inherited)",
					"@executable_path/Frameworks",
				);
				MARKETING_VERSION = 1.0.6;
				ONLY_ACTIVE_ARCH = YES;
				PRODUCT_BUNDLE_IDENTIFIER = "ru.polykuzin.todo-app";
				PRODUCT_NAME = "$(TARGET_NAME)";
				PROVISIONING_PROFILE_SPECIFIER = "";
				"PROVISIONING_PROFILE_SPECIFIER[sdk=iphoneos*]" = "match AppStore ru.polykuzin.todo-app";
				SUPPORTED_PLATFORMS = "iphoneos iphonesimulator";
				SUPPORTS_MACCATALYST = NO;
				SUPPORTS_MAC_DESIGNED_FOR_IPHONE_IPAD = NO;
				SWIFT_ACTIVE_COMPILATION_CONDITIONS = test;
				SWIFT_EMIT_LOC_STRINGS = YES;
				SWIFT_VERSION = 5.0;
				TARGETED_DEVICE_FAMILY = 1;
			};
			name = test;
		};
		6DAB197528AD699E00536430 /* prod */ = {
			isa = XCBuildConfiguration;
			baseConfigurationReference = 6DAB197728AD69FF00536430 /* BASE.xcconfig */;
			buildSettings = {
				ALWAYS_SEARCH_USER_PATHS = NO;
				CLANG_ANALYZER_NONNULL = YES;
				CLANG_ANALYZER_NUMBER_OBJECT_CONVERSION = YES_AGGRESSIVE;
				CLANG_CXX_LANGUAGE_STANDARD = "gnu++17";
				CLANG_ENABLE_MODULES = YES;
				CLANG_ENABLE_OBJC_ARC = YES;
				CLANG_ENABLE_OBJC_WEAK = YES;
				CLANG_WARN_BLOCK_CAPTURE_AUTORELEASING = YES;
				CLANG_WARN_BOOL_CONVERSION = YES;
				CLANG_WARN_COMMA = YES;
				CLANG_WARN_CONSTANT_CONVERSION = YES;
				CLANG_WARN_DEPRECATED_OBJC_IMPLEMENTATIONS = YES;
				CLANG_WARN_DIRECT_OBJC_ISA_USAGE = YES_ERROR;
				CLANG_WARN_DOCUMENTATION_COMMENTS = YES;
				CLANG_WARN_EMPTY_BODY = YES;
				CLANG_WARN_ENUM_CONVERSION = YES;
				CLANG_WARN_INFINITE_RECURSION = YES;
				CLANG_WARN_INT_CONVERSION = YES;
				CLANG_WARN_NON_LITERAL_NULL_CONVERSION = YES;
				CLANG_WARN_OBJC_IMPLICIT_RETAIN_SELF = YES;
				CLANG_WARN_OBJC_LITERAL_CONVERSION = YES;
				CLANG_WARN_OBJC_ROOT_CLASS = YES_ERROR;
				CLANG_WARN_QUOTED_INCLUDE_IN_FRAMEWORK_HEADER = YES;
				CLANG_WARN_RANGE_LOOP_ANALYSIS = YES;
				CLANG_WARN_STRICT_PROTOTYPES = YES;
				CLANG_WARN_SUSPICIOUS_MOVE = YES;
				CLANG_WARN_UNGUARDED_AVAILABILITY = YES_AGGRESSIVE;
				CLANG_WARN_UNREACHABLE_CODE = YES;
				CLANG_WARN__DUPLICATE_METHOD_MATCH = YES;
				COPY_PHASE_STRIP = NO;
				DEBUG_INFORMATION_FORMAT = "dwarf-with-dsym";
				ENABLE_NS_ASSERTIONS = NO;
				ENABLE_STRICT_OBJC_MSGSEND = YES;
				EXCLUDED_ARCHS = "";
				"EXCLUDED_ARCHS[sdk=iphonesimulator*]" = arm64;
				GCC_C_LANGUAGE_STANDARD = gnu11;
				GCC_NO_COMMON_BLOCKS = YES;
				GCC_PREPROCESSOR_DEFINITIONS = prod;
				GCC_WARN_64_TO_32_BIT_CONVERSION = YES;
				GCC_WARN_ABOUT_RETURN_TYPE = YES_ERROR;
				GCC_WARN_UNDECLARED_SELECTOR = YES;
				GCC_WARN_UNINITIALIZED_AUTOS = YES_AGGRESSIVE;
				GCC_WARN_UNUSED_FUNCTION = YES;
				GCC_WARN_UNUSED_VARIABLE = YES;
				IPHONEOS_DEPLOYMENT_TARGET = 14.0;
				MTL_ENABLE_DEBUG_INFO = NO;
				MTL_FAST_MATH = YES;
				ONLY_ACTIVE_ARCH = YES;
				SDKROOT = iphoneos;
				SWIFT_COMPILATION_MODE = wholemodule;
				SWIFT_OPTIMIZATION_LEVEL = "-O";
				VALIDATE_PRODUCT = YES;
			};
			name = prod;
		};
		6DAB197628AD699E00536430 /* prod */ = {
			isa = XCBuildConfiguration;
			baseConfigurationReference = 6DAB197428AD68B000536430 /* PROD.xcconfig */;
			buildSettings = {
				ASSETCATALOG_COMPILER_APPICON_NAME = "$(APP_ICON)";
				ASSETCATALOG_COMPILER_GLOBAL_ACCENT_COLOR_NAME = appColor;
				"CODE_SIGN_IDENTITY[sdk=iphoneos*]" = "iPhone Distribution";
				CODE_SIGN_STYLE = Manual;
				CURRENT_PROJECT_VERSION = 13;
				DEVELOPMENT_TEAM = "";
				"DEVELOPMENT_TEAM[sdk=iphoneos*]" = JJC3HHT8LN;
				"EXCLUDED_ARCHS[sdk=iphonesimulator*]" = arm64;
				GENERATE_INFOPLIST_FILE = YES;
				INFOPLIST_FILE = "todo-app/_AppConfig/AppConfig.plist";
				INFOPLIST_KEY_CFBundleDisplayName = ToDo;
				INFOPLIST_KEY_LSApplicationCategoryType = "public.app-category.productivity";
				INFOPLIST_KEY_UIApplicationSupportsIndirectInputEvents = YES;
				INFOPLIST_KEY_UILaunchStoryboardName = LaunchScreen;
				INFOPLIST_KEY_UIMainStoryboardFile = "";
				INFOPLIST_KEY_UISupportedInterfaceOrientations = UIInterfaceOrientationPortrait;
				INFOPLIST_KEY_UISupportedInterfaceOrientations_iPad = "UIInterfaceOrientationLandscapeLeft UIInterfaceOrientationLandscapeRight";
				INFOPLIST_KEY_UIUserInterfaceStyle = Light;
				IPHONEOS_DEPLOYMENT_TARGET = 14.0;
				LD_RUNPATH_SEARCH_PATHS = (
					"$(inherited)",
					"@executable_path/Frameworks",
				);
				MARKETING_VERSION = 1.0.6;
				ONLY_ACTIVE_ARCH = YES;
				PRODUCT_BUNDLE_IDENTIFIER = "ru.polykuzin.todo-app";
				PRODUCT_NAME = "$(TARGET_NAME)";
				PROVISIONING_PROFILE_SPECIFIER = "";
				"PROVISIONING_PROFILE_SPECIFIER[sdk=iphoneos*]" = "match AppStore ru.polykuzin.todo-app";
				SUPPORTED_PLATFORMS = "iphoneos iphonesimulator";
				SUPPORTS_MACCATALYST = NO;
				SUPPORTS_MAC_DESIGNED_FOR_IPHONE_IPAD = NO;
				SWIFT_ACTIVE_COMPILATION_CONDITIONS = prod;
				SWIFT_EMIT_LOC_STRINGS = YES;
				SWIFT_VERSION = 5.0;
				TARGETED_DEVICE_FAMILY = 1;
			};
			name = prod;
		};
/* End XCBuildConfiguration section */

/* Begin XCConfigurationList section */
		6DAB195428AD531000536430 /* Build configuration list for PBXProject "todo-app" */ = {
			isa = XCConfigurationList;
			buildConfigurations = (
				6DAB196B28AD531100536430 /* dev */,
				6DAB196C28AD531100536430 /* test */,
				6DAB197528AD699E00536430 /* prod */,
			);
			defaultConfigurationIsVisible = 0;
			defaultConfigurationName = prod;
		};
		6DAB196D28AD531100536430 /* Build configuration list for PBXNativeTarget "todo-app" */ = {
			isa = XCConfigurationList;
			buildConfigurations = (
				6DAB196E28AD531100536430 /* dev */,
				6DAB196F28AD531100536430 /* test */,
				6DAB197628AD699E00536430 /* prod */,
			);
			defaultConfigurationIsVisible = 0;
			defaultConfigurationName = prod;
		};
/* End XCConfigurationList section */

/* Begin XCRemoteSwiftPackageReference section */
		6D50787828E4C84E00C93201 /* XCRemoteSwiftPackageReference "metrica-sdk-ios" */ = {
			isa = XCRemoteSwiftPackageReference;
			repositoryURL = "https://github.com/yandexmobile/metrica-sdk-ios";
			requirement = {
				kind = upToNextMajorVersion;
				minimumVersion = 4.0.0;
			};
		};
/* End XCRemoteSwiftPackageReference section */

/* Begin XCSwiftPackageProductDependency section */
		6D50787928E4C84E00C93201 /* YandexMobileMetrica */ = {
			isa = XCSwiftPackageProductDependency;
			package = 6D50787828E4C84E00C93201 /* XCRemoteSwiftPackageReference "metrica-sdk-ios" */;
			productName = YandexMobileMetrica;
		};
		6D50787B28E4C84E00C93201 /* YandexMobileMetricaCrashes */ = {
			isa = XCSwiftPackageProductDependency;
			package = 6D50787828E4C84E00C93201 /* XCRemoteSwiftPackageReference "metrica-sdk-ios" */;
			productName = YandexMobileMetricaCrashes;
		};
		6DE17C1028E4B58A00F1D938 /* CoreAnalytics */ = {
			isa = XCSwiftPackageProductDependency;
			productName = CoreAnalytics;
		};
/* End XCSwiftPackageProductDependency section */

/* Begin XCVersionGroup section */
		6DF382EC28E775B700225A05 /* TodoApp.xcdatamodeld */ = {
			isa = XCVersionGroup;
			children = (
				6DF382ED28E775B700225A05 /* TodoApp.xcdatamodel */,
			);
			currentVersion = 6DF382ED28E775B700225A05 /* TodoApp.xcdatamodel */;
			name = TodoApp.xcdatamodeld;
			path = "../../../../Downloads/SwiftUITodoApp-master/TodoApp/CoreData/TodoApp.xcdatamodeld";
			sourceTree = "<group>";
			versionGroupType = wrapper.xcdatamodel;
		};
/* End XCVersionGroup section */
	};
	rootObject = 6DAB195128AD531000536430 /* Project object */;
}
